
Microsoft Visual Studio Solution File, Format Version 12.00
# Visual Studio Version 16
VisualStudioVersion = 16.0.29409.12
MinimumVisualStudioVersion = 10.0.40219.1
Project("{FAE04EC0-301F-11D3-BF4B-00C04F79EFBC}") = "Game_2048", "Game_2048.csproj", "{EA21DB8A-7897-4790-919D-CF8E5957D246}"
EndProject
Project("{FAE04EC0-301F-11D3-BF4B-00C04F79EFBC}") = "2748", "..\2748\2748.csproj", "{F56024B2-F47F-4FCF-A275-AC6805C01777}"
EndProject
Project("{FAE04EC0-301F-11D3-BF4B-00C04F79EFBC}") = "1159", "..\1159\1159.csproj", "{F1F92F5E-7AED-493E-913C-B66D32B1C218}"
EndProject
Project("{FAE04EC0-301F-11D3-BF4B-00C04F79EFBC}") = "1773", "..\1773\1773.csproj", "{B36FC114-47C4-432F-AFAC-2F39347FE555}"
EndProject
Project("{FAE04EC0-301F-11D3-BF4B-00C04F79EFBC}") = "test", "..\test\test.csproj", "{FF4A56D1-A202-455C-8DDC-A5E456A80C64}"
EndProject
Project("{FAE04EC0-301F-11D3-BF4B-00C04F79EFBC}") = "10809", "..\10809\10809.csproj", "{2D36E39B-E050-413C-9953-A39B8F4A361F}"
EndProject
Project("{FAE04EC0-301F-11D3-BF4B-00C04F79EFBC}") = "11654", "..\11654\11654.csproj", "{353130A0-7F2C-4115-86F2-B268BB1F5AB4}"
EndProject
Project("{FAE04EC0-301F-11D3-BF4B-00C04F79EFBC}") = "1157", "..\1157\1157.csproj", "{9007D5DF-BBA2-43AF-BF48-DFB78E90908A}"
EndProject
Project("{FAE04EC0-301F-11D3-BF4B-00C04F79EFBC}") = "1193", "..\1193\1193.csproj", "{FB3E0D82-1712-4EC3-B034-C8F79BAFAF61}"
EndProject
Project("{FAE04EC0-301F-11D3-BF4B-00C04F79EFBC}") = "2869", "..\2869\2869.csproj", "{7088FD97-8989-4C1E-8C95-B7663F620847}"
EndProject
Project("{FAE04EC0-301F-11D3-BF4B-00C04F79EFBC}") = "1978", "..\1978\1978.csproj", "{25D5983F-ECA6-4D86-A48F-9ABCC0F50491}"
EndProject
Project("{FAE04EC0-301F-11D3-BF4B-00C04F79EFBC}") = "11920", "..\11920\11920.csproj", "{C8AE1AC2-1D42-4F33-A7BE-A0F31DCAD5BB}"
EndProject
Project("{FAE04EC0-301F-11D3-BF4B-00C04F79EFBC}") = "15552", "..\15552\15552.csproj", "{7C65655E-123D-4DA3-80C2-7C84FD26C182}"
EndProject
Project("{FAE04EC0-301F-11D3-BF4B-00C04F79EFBC}") = "1152", "..\1152\1152.csproj", "{AD124501-F73D-4E8C-BF66-46994795E673}"
EndProject
Project("{FAE04EC0-301F-11D3-BF4B-00C04F79EFBC}") = "2908", "..\2908\2908.csproj", "{AA467255-72F8-4C12-9156-5338F9664196}"
EndProject
Project("{FAE04EC0-301F-11D3-BF4B-00C04F79EFBC}") = "2750", "..\2750\2750.csproj", "{160A9519-A2C3-4875-8F1F-FBAFDAC87608}"
EndProject
Project("{FAE04EC0-301F-11D3-BF4B-00C04F79EFBC}") = "2750_using insertion", "..\2750_using insertion\2750_using insertion.csproj", "{B48BEE96-48E6-4D2F-B7B4-A2C12F0955D6}"
EndProject
Project("{FAE04EC0-301F-11D3-BF4B-00C04F79EFBC}") = "2751", "..\2751\2751.csproj", "{946D62B9-EB2A-4F82-A322-7A3F1EF256C2}"
EndProject
Project("{9A19103F-16F7-4668-BE54-9A1E7A4F7556}") = "2798", "..\2798\2798.csproj", "{CDDB5E0D-0F64-4B8C-BD79-74A673E3E505}"
EndProject
Project("{9A19103F-16F7-4668-BE54-9A1E7A4F7556}") = "2231", "..\2231\2231.csproj", "{D7340ECC-80EC-4DA0-ACE8-DBD492A7EDF9}"
EndProject
Project("{9A19103F-16F7-4668-BE54-9A1E7A4F7556}") = "7568", "..\7568\7568.csproj", "{A53498A5-ACE2-4D87-B176-52185A0B48C3}"
EndProject
Project("{9A19103F-16F7-4668-BE54-9A1E7A4F7556}") = "1018", "..\1018\1018.csproj", "{E0E316A3-9CF0-4BFC-89A6-8E521320253D}"
EndProject
Project("{9A19103F-16F7-4668-BE54-9A1E7A4F7556}") = "1436", "..\1436\1436.csproj", "{792C107A-985F-4D18-A661-93901CD9A0B9}"
EndProject
Project("{9A19103F-16F7-4668-BE54-9A1E7A4F7556}") = "15649", "..\15649\15649.csproj", "{F1943D83-B565-4D3A-9803-4C5BAB1883B1}"
EndProject
Global
	GlobalSection(SolutionConfigurationPlatforms) = preSolution
		Debug|Any CPU = Debug|Any CPU
		Debug|x64 = Debug|x64
		Debug|x86 = Debug|x86
		Release|Any CPU = Release|Any CPU
		Release|x64 = Release|x64
		Release|x86 = Release|x86
	EndGlobalSection
	GlobalSection(ProjectConfigurationPlatforms) = postSolution
		{EA21DB8A-7897-4790-919D-CF8E5957D246}.Debug|Any CPU.ActiveCfg = Debug|Any CPU
		{EA21DB8A-7897-4790-919D-CF8E5957D246}.Debug|Any CPU.Build.0 = Debug|Any CPU
		{EA21DB8A-7897-4790-919D-CF8E5957D246}.Debug|x64.ActiveCfg = Debug|Any CPU
		{EA21DB8A-7897-4790-919D-CF8E5957D246}.Debug|x64.Build.0 = Debug|Any CPU
		{EA21DB8A-7897-4790-919D-CF8E5957D246}.Debug|x86.ActiveCfg = Debug|Any CPU
		{EA21DB8A-7897-4790-919D-CF8E5957D246}.Debug|x86.Build.0 = Debug|Any CPU
		{EA21DB8A-7897-4790-919D-CF8E5957D246}.Release|Any CPU.ActiveCfg = Release|Any CPU
		{EA21DB8A-7897-4790-919D-CF8E5957D246}.Release|Any CPU.Build.0 = Release|Any CPU
		{EA21DB8A-7897-4790-919D-CF8E5957D246}.Release|x64.ActiveCfg = Release|Any CPU
		{EA21DB8A-7897-4790-919D-CF8E5957D246}.Release|x64.Build.0 = Release|Any CPU
		{EA21DB8A-7897-4790-919D-CF8E5957D246}.Release|x86.ActiveCfg = Release|Any CPU
		{EA21DB8A-7897-4790-919D-CF8E5957D246}.Release|x86.Build.0 = Release|Any CPU
		{F56024B2-F47F-4FCF-A275-AC6805C01777}.Debug|Any CPU.ActiveCfg = Debug|Any CPU
		{F56024B2-F47F-4FCF-A275-AC6805C01777}.Debug|Any CPU.Build.0 = Debug|Any CPU
		{F56024B2-F47F-4FCF-A275-AC6805C01777}.Debug|x64.ActiveCfg = Debug|Any CPU
		{F56024B2-F47F-4FCF-A275-AC6805C01777}.Debug|x64.Build.0 = Debug|Any CPU
		{F56024B2-F47F-4FCF-A275-AC6805C01777}.Debug|x86.ActiveCfg = Debug|Any CPU
		{F56024B2-F47F-4FCF-A275-AC6805C01777}.Debug|x86.Build.0 = Debug|Any CPU
		{F56024B2-F47F-4FCF-A275-AC6805C01777}.Release|Any CPU.ActiveCfg = Release|Any CPU
		{F56024B2-F47F-4FCF-A275-AC6805C01777}.Release|Any CPU.Build.0 = Release|Any CPU
		{F56024B2-F47F-4FCF-A275-AC6805C01777}.Release|x64.ActiveCfg = Release|Any CPU
		{F56024B2-F47F-4FCF-A275-AC6805C01777}.Release|x64.Build.0 = Release|Any CPU
		{F56024B2-F47F-4FCF-A275-AC6805C01777}.Release|x86.ActiveCfg = Release|Any CPU
		{F56024B2-F47F-4FCF-A275-AC6805C01777}.Release|x86.Build.0 = Release|Any CPU
		{F1F92F5E-7AED-493E-913C-B66D32B1C218}.Debug|Any CPU.ActiveCfg = Debug|Any CPU
		{F1F92F5E-7AED-493E-913C-B66D32B1C218}.Debug|Any CPU.Build.0 = Debug|Any CPU
		{F1F92F5E-7AED-493E-913C-B66D32B1C218}.Debug|x64.ActiveCfg = Debug|Any CPU
		{F1F92F5E-7AED-493E-913C-B66D32B1C218}.Debug|x64.Build.0 = Debug|Any CPU
		{F1F92F5E-7AED-493E-913C-B66D32B1C218}.Debug|x86.ActiveCfg = Debug|Any CPU
		{F1F92F5E-7AED-493E-913C-B66D32B1C218}.Debug|x86.Build.0 = Debug|Any CPU
		{F1F92F5E-7AED-493E-913C-B66D32B1C218}.Release|Any CPU.ActiveCfg = Release|Any CPU
		{F1F92F5E-7AED-493E-913C-B66D32B1C218}.Release|Any CPU.Build.0 = Release|Any CPU
		{F1F92F5E-7AED-493E-913C-B66D32B1C218}.Release|x64.ActiveCfg = Release|Any CPU
		{F1F92F5E-7AED-493E-913C-B66D32B1C218}.Release|x64.Build.0 = Release|Any CPU
		{F1F92F5E-7AED-493E-913C-B66D32B1C218}.Release|x86.ActiveCfg = Release|Any CPU
		{F1F92F5E-7AED-493E-913C-B66D32B1C218}.Release|x86.Build.0 = Release|Any CPU
		{B36FC114-47C4-432F-AFAC-2F39347FE555}.Debug|Any CPU.ActiveCfg = Debug|Any CPU
		{B36FC114-47C4-432F-AFAC-2F39347FE555}.Debug|Any CPU.Build.0 = Debug|Any CPU
		{B36FC114-47C4-432F-AFAC-2F39347FE555}.Debug|x64.ActiveCfg = Debug|Any CPU
		{B36FC114-47C4-432F-AFAC-2F39347FE555}.Debug|x64.Build.0 = Debug|Any CPU
		{B36FC114-47C4-432F-AFAC-2F39347FE555}.Debug|x86.ActiveCfg = Debug|Any CPU
		{B36FC114-47C4-432F-AFAC-2F39347FE555}.Debug|x86.Build.0 = Debug|Any CPU
		{B36FC114-47C4-432F-AFAC-2F39347FE555}.Release|Any CPU.ActiveCfg = Release|Any CPU
		{B36FC114-47C4-432F-AFAC-2F39347FE555}.Release|Any CPU.Build.0 = Release|Any CPU
		{B36FC114-47C4-432F-AFAC-2F39347FE555}.Release|x64.ActiveCfg = Release|Any CPU
		{B36FC114-47C4-432F-AFAC-2F39347FE555}.Release|x64.Build.0 = Release|Any CPU
		{B36FC114-47C4-432F-AFAC-2F39347FE555}.Release|x86.ActiveCfg = Release|Any CPU
		{B36FC114-47C4-432F-AFAC-2F39347FE555}.Release|x86.Build.0 = Release|Any CPU
		{FF4A56D1-A202-455C-8DDC-A5E456A80C64}.Debug|Any CPU.ActiveCfg = Debug|Any CPU
		{FF4A56D1-A202-455C-8DDC-A5E456A80C64}.Debug|Any CPU.Build.0 = Debug|Any CPU
		{FF4A56D1-A202-455C-8DDC-A5E456A80C64}.Debug|x64.ActiveCfg = Debug|Any CPU
		{FF4A56D1-A202-455C-8DDC-A5E456A80C64}.Debug|x64.Build.0 = Debug|Any CPU
		{FF4A56D1-A202-455C-8DDC-A5E456A80C64}.Debug|x86.ActiveCfg = Debug|Any CPU
		{FF4A56D1-A202-455C-8DDC-A5E456A80C64}.Debug|x86.Build.0 = Debug|Any CPU
		{FF4A56D1-A202-455C-8DDC-A5E456A80C64}.Release|Any CPU.ActiveCfg = Release|Any CPU
		{FF4A56D1-A202-455C-8DDC-A5E456A80C64}.Release|Any CPU.Build.0 = Release|Any CPU
		{FF4A56D1-A202-455C-8DDC-A5E456A80C64}.Release|x64.ActiveCfg = Release|Any CPU
		{FF4A56D1-A202-455C-8DDC-A5E456A80C64}.Release|x64.Build.0 = Release|Any CPU
		{FF4A56D1-A202-455C-8DDC-A5E456A80C64}.Release|x86.ActiveCfg = Release|Any CPU
		{FF4A56D1-A202-455C-8DDC-A5E456A80C64}.Release|x86.Build.0 = Release|Any CPU
		{2D36E39B-E050-413C-9953-A39B8F4A361F}.Debug|Any CPU.ActiveCfg = Debug|Any CPU
		{2D36E39B-E050-413C-9953-A39B8F4A361F}.Debug|Any CPU.Build.0 = Debug|Any CPU
		{2D36E39B-E050-413C-9953-A39B8F4A361F}.Debug|x64.ActiveCfg = Debug|Any CPU
		{2D36E39B-E050-413C-9953-A39B8F4A361F}.Debug|x64.Build.0 = Debug|Any CPU
		{2D36E39B-E050-413C-9953-A39B8F4A361F}.Debug|x86.ActiveCfg = Debug|Any CPU
		{2D36E39B-E050-413C-9953-A39B8F4A361F}.Debug|x86.Build.0 = Debug|Any CPU
		{2D36E39B-E050-413C-9953-A39B8F4A361F}.Release|Any CPU.ActiveCfg = Release|Any CPU
		{2D36E39B-E050-413C-9953-A39B8F4A361F}.Release|Any CPU.Build.0 = Release|Any CPU
		{2D36E39B-E050-413C-9953-A39B8F4A361F}.Release|x64.ActiveCfg = Release|Any CPU
		{2D36E39B-E050-413C-9953-A39B8F4A361F}.Release|x64.Build.0 = Release|Any CPU
		{2D36E39B-E050-413C-9953-A39B8F4A361F}.Release|x86.ActiveCfg = Release|Any CPU
		{2D36E39B-E050-413C-9953-A39B8F4A361F}.Release|x86.Build.0 = Release|Any CPU
		{353130A0-7F2C-4115-86F2-B268BB1F5AB4}.Debug|Any CPU.ActiveCfg = Debug|Any CPU
		{353130A0-7F2C-4115-86F2-B268BB1F5AB4}.Debug|Any CPU.Build.0 = Debug|Any CPU
		{353130A0-7F2C-4115-86F2-B268BB1F5AB4}.Debug|x64.ActiveCfg = Debug|Any CPU
		{353130A0-7F2C-4115-86F2-B268BB1F5AB4}.Debug|x64.Build.0 = Debug|Any CPU
		{353130A0-7F2C-4115-86F2-B268BB1F5AB4}.Debug|x86.ActiveCfg = Debug|Any CPU
		{353130A0-7F2C-4115-86F2-B268BB1F5AB4}.Debug|x86.Build.0 = Debug|Any CPU
		{353130A0-7F2C-4115-86F2-B268BB1F5AB4}.Release|Any CPU.ActiveCfg = Release|Any CPU
		{353130A0-7F2C-4115-86F2-B268BB1F5AB4}.Release|Any CPU.Build.0 = Release|Any CPU
		{353130A0-7F2C-4115-86F2-B268BB1F5AB4}.Release|x64.ActiveCfg = Release|Any CPU
		{353130A0-7F2C-4115-86F2-B268BB1F5AB4}.Release|x64.Build.0 = Release|Any CPU
		{353130A0-7F2C-4115-86F2-B268BB1F5AB4}.Release|x86.ActiveCfg = Release|Any CPU
		{353130A0-7F2C-4115-86F2-B268BB1F5AB4}.Release|x86.Build.0 = Release|Any CPU
		{9007D5DF-BBA2-43AF-BF48-DFB78E90908A}.Debug|Any CPU.ActiveCfg = Debug|Any CPU
		{9007D5DF-BBA2-43AF-BF48-DFB78E90908A}.Debug|Any CPU.Build.0 = Debug|Any CPU
		{9007D5DF-BBA2-43AF-BF48-DFB78E90908A}.Debug|x64.ActiveCfg = Debug|Any CPU
		{9007D5DF-BBA2-43AF-BF48-DFB78E90908A}.Debug|x64.Build.0 = Debug|Any CPU
		{9007D5DF-BBA2-43AF-BF48-DFB78E90908A}.Debug|x86.ActiveCfg = Debug|Any CPU
		{9007D5DF-BBA2-43AF-BF48-DFB78E90908A}.Debug|x86.Build.0 = Debug|Any CPU
		{9007D5DF-BBA2-43AF-BF48-DFB78E90908A}.Release|Any CPU.ActiveCfg = Release|Any CPU
		{9007D5DF-BBA2-43AF-BF48-DFB78E90908A}.Release|Any CPU.Build.0 = Release|Any CPU
		{9007D5DF-BBA2-43AF-BF48-DFB78E90908A}.Release|x64.ActiveCfg = Release|Any CPU
		{9007D5DF-BBA2-43AF-BF48-DFB78E90908A}.Release|x64.Build.0 = Release|Any CPU
		{9007D5DF-BBA2-43AF-BF48-DFB78E90908A}.Release|x86.ActiveCfg = Release|Any CPU
		{9007D5DF-BBA2-43AF-BF48-DFB78E90908A}.Release|x86.Build.0 = Release|Any CPU
		{FB3E0D82-1712-4EC3-B034-C8F79BAFAF61}.Debug|Any CPU.ActiveCfg = Debug|Any CPU
		{FB3E0D82-1712-4EC3-B034-C8F79BAFAF61}.Debug|Any CPU.Build.0 = Debug|Any CPU
		{FB3E0D82-1712-4EC3-B034-C8F79BAFAF61}.Debug|x64.ActiveCfg = Debug|Any CPU
		{FB3E0D82-1712-4EC3-B034-C8F79BAFAF61}.Debug|x64.Build.0 = Debug|Any CPU
		{FB3E0D82-1712-4EC3-B034-C8F79BAFAF61}.Debug|x86.ActiveCfg = Debug|Any CPU
		{FB3E0D82-1712-4EC3-B034-C8F79BAFAF61}.Debug|x86.Build.0 = Debug|Any CPU
		{FB3E0D82-1712-4EC3-B034-C8F79BAFAF61}.Release|Any CPU.ActiveCfg = Release|Any CPU
		{FB3E0D82-1712-4EC3-B034-C8F79BAFAF61}.Release|Any CPU.Build.0 = Release|Any CPU
		{FB3E0D82-1712-4EC3-B034-C8F79BAFAF61}.Release|x64.ActiveCfg = Release|Any CPU
		{FB3E0D82-1712-4EC3-B034-C8F79BAFAF61}.Release|x64.Build.0 = Release|Any CPU
		{FB3E0D82-1712-4EC3-B034-C8F79BAFAF61}.Release|x86.ActiveCfg = Release|Any CPU
		{FB3E0D82-1712-4EC3-B034-C8F79BAFAF61}.Release|x86.Build.0 = Release|Any CPU
		{7088FD97-8989-4C1E-8C95-B7663F620847}.Debug|Any CPU.ActiveCfg = Debug|Any CPU
		{7088FD97-8989-4C1E-8C95-B7663F620847}.Debug|Any CPU.Build.0 = Debug|Any CPU
		{7088FD97-8989-4C1E-8C95-B7663F620847}.Debug|x64.ActiveCfg = Debug|Any CPU
		{7088FD97-8989-4C1E-8C95-B7663F620847}.Debug|x64.Build.0 = Debug|Any CPU
		{7088FD97-8989-4C1E-8C95-B7663F620847}.Debug|x86.ActiveCfg = Debug|Any CPU
		{7088FD97-8989-4C1E-8C95-B7663F620847}.Debug|x86.Build.0 = Debug|Any CPU
		{7088FD97-8989-4C1E-8C95-B7663F620847}.Release|Any CPU.ActiveCfg = Release|Any CPU
		{7088FD97-8989-4C1E-8C95-B7663F620847}.Release|Any CPU.Build.0 = Release|Any CPU
		{7088FD97-8989-4C1E-8C95-B7663F620847}.Release|x64.ActiveCfg = Release|Any CPU
		{7088FD97-8989-4C1E-8C95-B7663F620847}.Release|x64.Build.0 = Release|Any CPU
		{7088FD97-8989-4C1E-8C95-B7663F620847}.Release|x86.ActiveCfg = Release|Any CPU
		{7088FD97-8989-4C1E-8C95-B7663F620847}.Release|x86.Build.0 = Release|Any CPU
		{25D5983F-ECA6-4D86-A48F-9ABCC0F50491}.Debug|Any CPU.ActiveCfg = Debug|Any CPU
		{25D5983F-ECA6-4D86-A48F-9ABCC0F50491}.Debug|Any CPU.Build.0 = Debug|Any CPU
		{25D5983F-ECA6-4D86-A48F-9ABCC0F50491}.Debug|x64.ActiveCfg = Debug|Any CPU
		{25D5983F-ECA6-4D86-A48F-9ABCC0F50491}.Debug|x64.Build.0 = Debug|Any CPU
		{25D5983F-ECA6-4D86-A48F-9ABCC0F50491}.Debug|x86.ActiveCfg = Debug|Any CPU
		{25D5983F-ECA6-4D86-A48F-9ABCC0F50491}.Debug|x86.Build.0 = Debug|Any CPU
		{25D5983F-ECA6-4D86-A48F-9ABCC0F50491}.Release|Any CPU.ActiveCfg = Release|Any CPU
		{25D5983F-ECA6-4D86-A48F-9ABCC0F50491}.Release|Any CPU.Build.0 = Release|Any CPU
		{25D5983F-ECA6-4D86-A48F-9ABCC0F50491}.Release|x64.ActiveCfg = Release|Any CPU
		{25D5983F-ECA6-4D86-A48F-9ABCC0F50491}.Release|x64.Build.0 = Release|Any CPU
		{25D5983F-ECA6-4D86-A48F-9ABCC0F50491}.Release|x86.ActiveCfg = Release|Any CPU
		{25D5983F-ECA6-4D86-A48F-9ABCC0F50491}.Release|x86.Build.0 = Release|Any CPU
		{C8AE1AC2-1D42-4F33-A7BE-A0F31DCAD5BB}.Debug|Any CPU.ActiveCfg = Debug|Any CPU
		{C8AE1AC2-1D42-4F33-A7BE-A0F31DCAD5BB}.Debug|Any CPU.Build.0 = Debug|Any CPU
		{C8AE1AC2-1D42-4F33-A7BE-A0F31DCAD5BB}.Debug|x64.ActiveCfg = Debug|Any CPU
		{C8AE1AC2-1D42-4F33-A7BE-A0F31DCAD5BB}.Debug|x64.Build.0 = Debug|Any CPU
		{C8AE1AC2-1D42-4F33-A7BE-A0F31DCAD5BB}.Debug|x86.ActiveCfg = Debug|Any CPU
		{C8AE1AC2-1D42-4F33-A7BE-A0F31DCAD5BB}.Debug|x86.Build.0 = Debug|Any CPU
		{C8AE1AC2-1D42-4F33-A7BE-A0F31DCAD5BB}.Release|Any CPU.ActiveCfg = Release|Any CPU
		{C8AE1AC2-1D42-4F33-A7BE-A0F31DCAD5BB}.Release|Any CPU.Build.0 = Release|Any CPU
		{C8AE1AC2-1D42-4F33-A7BE-A0F31DCAD5BB}.Release|x64.ActiveCfg = Release|Any CPU
		{C8AE1AC2-1D42-4F33-A7BE-A0F31DCAD5BB}.Release|x64.Build.0 = Release|Any CPU
		{C8AE1AC2-1D42-4F33-A7BE-A0F31DCAD5BB}.Release|x86.ActiveCfg = Release|Any CPU
		{C8AE1AC2-1D42-4F33-A7BE-A0F31DCAD5BB}.Release|x86.Build.0 = Release|Any CPU
		{7C65655E-123D-4DA3-80C2-7C84FD26C182}.Debug|Any CPU.ActiveCfg = Debug|Any CPU
		{7C65655E-123D-4DA3-80C2-7C84FD26C182}.Debug|Any CPU.Build.0 = Debug|Any CPU
		{7C65655E-123D-4DA3-80C2-7C84FD26C182}.Debug|x64.ActiveCfg = Debug|Any CPU
		{7C65655E-123D-4DA3-80C2-7C84FD26C182}.Debug|x64.Build.0 = Debug|Any CPU
		{7C65655E-123D-4DA3-80C2-7C84FD26C182}.Debug|x86.ActiveCfg = Debug|Any CPU
		{7C65655E-123D-4DA3-80C2-7C84FD26C182}.Debug|x86.Build.0 = Debug|Any CPU
		{7C65655E-123D-4DA3-80C2-7C84FD26C182}.Release|Any CPU.ActiveCfg = Release|Any CPU
		{7C65655E-123D-4DA3-80C2-7C84FD26C182}.Release|Any CPU.Build.0 = Release|Any CPU
		{7C65655E-123D-4DA3-80C2-7C84FD26C182}.Release|x64.ActiveCfg = Release|Any CPU
		{7C65655E-123D-4DA3-80C2-7C84FD26C182}.Release|x64.Build.0 = Release|Any CPU
		{7C65655E-123D-4DA3-80C2-7C84FD26C182}.Release|x86.ActiveCfg = Release|Any CPU
		{7C65655E-123D-4DA3-80C2-7C84FD26C182}.Release|x86.Build.0 = Release|Any CPU
		{AD124501-F73D-4E8C-BF66-46994795E673}.Debug|Any CPU.ActiveCfg = Debug|Any CPU
		{AD124501-F73D-4E8C-BF66-46994795E673}.Debug|Any CPU.Build.0 = Debug|Any CPU
		{AD124501-F73D-4E8C-BF66-46994795E673}.Debug|x64.ActiveCfg = Debug|Any CPU
		{AD124501-F73D-4E8C-BF66-46994795E673}.Debug|x64.Build.0 = Debug|Any CPU
		{AD124501-F73D-4E8C-BF66-46994795E673}.Debug|x86.ActiveCfg = Debug|Any CPU
		{AD124501-F73D-4E8C-BF66-46994795E673}.Debug|x86.Build.0 = Debug|Any CPU
		{AD124501-F73D-4E8C-BF66-46994795E673}.Release|Any CPU.ActiveCfg = Release|Any CPU
		{AD124501-F73D-4E8C-BF66-46994795E673}.Release|Any CPU.Build.0 = Release|Any CPU
		{AD124501-F73D-4E8C-BF66-46994795E673}.Release|x64.ActiveCfg = Release|Any CPU
		{AD124501-F73D-4E8C-BF66-46994795E673}.Release|x64.Build.0 = Release|Any CPU
		{AD124501-F73D-4E8C-BF66-46994795E673}.Release|x86.ActiveCfg = Release|Any CPU
		{AD124501-F73D-4E8C-BF66-46994795E673}.Release|x86.Build.0 = Release|Any CPU
		{AA467255-72F8-4C12-9156-5338F9664196}.Debug|Any CPU.ActiveCfg = Debug|Any CPU
		{AA467255-72F8-4C12-9156-5338F9664196}.Debug|Any CPU.Build.0 = Debug|Any CPU
		{AA467255-72F8-4C12-9156-5338F9664196}.Debug|x64.ActiveCfg = Debug|Any CPU
		{AA467255-72F8-4C12-9156-5338F9664196}.Debug|x64.Build.0 = Debug|Any CPU
		{AA467255-72F8-4C12-9156-5338F9664196}.Debug|x86.ActiveCfg = Debug|Any CPU
		{AA467255-72F8-4C12-9156-5338F9664196}.Debug|x86.Build.0 = Debug|Any CPU
		{AA467255-72F8-4C12-9156-5338F9664196}.Release|Any CPU.ActiveCfg = Release|Any CPU
		{AA467255-72F8-4C12-9156-5338F9664196}.Release|Any CPU.Build.0 = Release|Any CPU
		{AA467255-72F8-4C12-9156-5338F9664196}.Release|x64.ActiveCfg = Release|Any CPU
		{AA467255-72F8-4C12-9156-5338F9664196}.Release|x64.Build.0 = Release|Any CPU
		{AA467255-72F8-4C12-9156-5338F9664196}.Release|x86.ActiveCfg = Release|Any CPU
		{AA467255-72F8-4C12-9156-5338F9664196}.Release|x86.Build.0 = Release|Any CPU
		{160A9519-A2C3-4875-8F1F-FBAFDAC87608}.Debug|Any CPU.ActiveCfg = Debug|Any CPU
		{160A9519-A2C3-4875-8F1F-FBAFDAC87608}.Debug|Any CPU.Build.0 = Debug|Any CPU
		{160A9519-A2C3-4875-8F1F-FBAFDAC87608}.Debug|x64.ActiveCfg = Debug|Any CPU
		{160A9519-A2C3-4875-8F1F-FBAFDAC87608}.Debug|x64.Build.0 = Debug|Any CPU
		{160A9519-A2C3-4875-8F1F-FBAFDAC87608}.Debug|x86.ActiveCfg = Debug|Any CPU
		{160A9519-A2C3-4875-8F1F-FBAFDAC87608}.Debug|x86.Build.0 = Debug|Any CPU
		{160A9519-A2C3-4875-8F1F-FBAFDAC87608}.Release|Any CPU.ActiveCfg = Release|Any CPU
		{160A9519-A2C3-4875-8F1F-FBAFDAC87608}.Release|Any CPU.Build.0 = Release|Any CPU
		{160A9519-A2C3-4875-8F1F-FBAFDAC87608}.Release|x64.ActiveCfg = Release|Any CPU
		{160A9519-A2C3-4875-8F1F-FBAFDAC87608}.Release|x64.Build.0 = Release|Any CPU
		{160A9519-A2C3-4875-8F1F-FBAFDAC87608}.Release|x86.ActiveCfg = Release|Any CPU
		{160A9519-A2C3-4875-8F1F-FBAFDAC87608}.Release|x86.Build.0 = Release|Any CPU
		{B48BEE96-48E6-4D2F-B7B4-A2C12F0955D6}.Debug|Any CPU.ActiveCfg = Debug|Any CPU
		{B48BEE96-48E6-4D2F-B7B4-A2C12F0955D6}.Debug|Any CPU.Build.0 = Debug|Any CPU
		{B48BEE96-48E6-4D2F-B7B4-A2C12F0955D6}.Debug|x64.ActiveCfg = Debug|Any CPU
		{B48BEE96-48E6-4D2F-B7B4-A2C12F0955D6}.Debug|x64.Build.0 = Debug|Any CPU
		{B48BEE96-48E6-4D2F-B7B4-A2C12F0955D6}.Debug|x86.ActiveCfg = Debug|Any CPU
		{B48BEE96-48E6-4D2F-B7B4-A2C12F0955D6}.Debug|x86.Build.0 = Debug|Any CPU
		{B48BEE96-48E6-4D2F-B7B4-A2C12F0955D6}.Release|Any CPU.ActiveCfg = Release|Any CPU
		{B48BEE96-48E6-4D2F-B7B4-A2C12F0955D6}.Release|Any CPU.Build.0 = Release|Any CPU
		{B48BEE96-48E6-4D2F-B7B4-A2C12F0955D6}.Release|x64.ActiveCfg = Release|Any CPU
		{B48BEE96-48E6-4D2F-B7B4-A2C12F0955D6}.Release|x64.Build.0 = Release|Any CPU
		{B48BEE96-48E6-4D2F-B7B4-A2C12F0955D6}.Release|x86.ActiveCfg = Release|Any CPU
		{B48BEE96-48E6-4D2F-B7B4-A2C12F0955D6}.Release|x86.Build.0 = Release|Any CPU
		{946D62B9-EB2A-4F82-A322-7A3F1EF256C2}.Debug|Any CPU.ActiveCfg = Debug|Any CPU
		{946D62B9-EB2A-4F82-A322-7A3F1EF256C2}.Debug|Any CPU.Build.0 = Debug|Any CPU
		{946D62B9-EB2A-4F82-A322-7A3F1EF256C2}.Debug|x64.ActiveCfg = Debug|Any CPU
		{946D62B9-EB2A-4F82-A322-7A3F1EF256C2}.Debug|x64.Build.0 = Debug|Any CPU
		{946D62B9-EB2A-4F82-A322-7A3F1EF256C2}.Debug|x86.ActiveCfg = Debug|Any CPU
		{946D62B9-EB2A-4F82-A322-7A3F1EF256C2}.Debug|x86.Build.0 = Debug|Any CPU
		{946D62B9-EB2A-4F82-A322-7A3F1EF256C2}.Release|Any CPU.ActiveCfg = Release|Any CPU
		{946D62B9-EB2A-4F82-A322-7A3F1EF256C2}.Release|Any CPU.Build.0 = Release|Any CPU
		{946D62B9-EB2A-4F82-A322-7A3F1EF256C2}.Release|x64.ActiveCfg = Release|Any CPU
		{946D62B9-EB2A-4F82-A322-7A3F1EF256C2}.Release|x64.Build.0 = Release|Any CPU
		{946D62B9-EB2A-4F82-A322-7A3F1EF256C2}.Release|x86.ActiveCfg = Release|Any CPU
		{946D62B9-EB2A-4F82-A322-7A3F1EF256C2}.Release|x86.Build.0 = Release|Any CPU
		{CDDB5E0D-0F64-4B8C-BD79-74A673E3E505}.Debug|Any CPU.ActiveCfg = Debug|Any CPU
		{CDDB5E0D-0F64-4B8C-BD79-74A673E3E505}.Debug|Any CPU.Build.0 = Debug|Any CPU
		{CDDB5E0D-0F64-4B8C-BD79-74A673E3E505}.Debug|x64.ActiveCfg = Debug|Any CPU
		{CDDB5E0D-0F64-4B8C-BD79-74A673E3E505}.Debug|x64.Build.0 = Debug|Any CPU
		{CDDB5E0D-0F64-4B8C-BD79-74A673E3E505}.Debug|x86.ActiveCfg = Debug|Any CPU
		{CDDB5E0D-0F64-4B8C-BD79-74A673E3E505}.Debug|x86.Build.0 = Debug|Any CPU
		{CDDB5E0D-0F64-4B8C-BD79-74A673E3E505}.Release|Any CPU.ActiveCfg = Release|Any CPU
		{CDDB5E0D-0F64-4B8C-BD79-74A673E3E505}.Release|Any CPU.Build.0 = Release|Any CPU
		{CDDB5E0D-0F64-4B8C-BD79-74A673E3E505}.Release|x64.ActiveCfg = Release|Any CPU
		{CDDB5E0D-0F64-4B8C-BD79-74A673E3E505}.Release|x64.Build.0 = Release|Any CPU
		{CDDB5E0D-0F64-4B8C-BD79-74A673E3E505}.Release|x86.ActiveCfg = Release|Any CPU
		{CDDB5E0D-0F64-4B8C-BD79-74A673E3E505}.Release|x86.Build.0 = Release|Any CPU
		{D7340ECC-80EC-4DA0-ACE8-DBD492A7EDF9}.Debug|Any CPU.ActiveCfg = Debug|Any CPU
		{D7340ECC-80EC-4DA0-ACE8-DBD492A7EDF9}.Debug|Any CPU.Build.0 = Debug|Any CPU
		{D7340ECC-80EC-4DA0-ACE8-DBD492A7EDF9}.Debug|x64.ActiveCfg = Debug|Any CPU
		{D7340ECC-80EC-4DA0-ACE8-DBD492A7EDF9}.Debug|x64.Build.0 = Debug|Any CPU
		{D7340ECC-80EC-4DA0-ACE8-DBD492A7EDF9}.Debug|x86.ActiveCfg = Debug|Any CPU
		{D7340ECC-80EC-4DA0-ACE8-DBD492A7EDF9}.Debug|x86.Build.0 = Debug|Any CPU
		{D7340ECC-80EC-4DA0-ACE8-DBD492A7EDF9}.Release|Any CPU.ActiveCfg = Release|Any CPU
		{D7340ECC-80EC-4DA0-ACE8-DBD492A7EDF9}.Release|Any CPU.Build.0 = Release|Any CPU
		{D7340ECC-80EC-4DA0-ACE8-DBD492A7EDF9}.Release|x64.ActiveCfg = Release|Any CPU
		{D7340ECC-80EC-4DA0-ACE8-DBD492A7EDF9}.Release|x64.Build.0 = Release|Any CPU
		{D7340ECC-80EC-4DA0-ACE8-DBD492A7EDF9}.Release|x86.ActiveCfg = Release|Any CPU
		{D7340ECC-80EC-4DA0-ACE8-DBD492A7EDF9}.Release|x86.Build.0 = Release|Any CPU
		{A53498A5-ACE2-4D87-B176-52185A0B48C3}.Debug|Any CPU.ActiveCfg = Debug|Any CPU
		{A53498A5-ACE2-4D87-B176-52185A0B48C3}.Debug|Any CPU.Build.0 = Debug|Any CPU
		{A53498A5-ACE2-4D87-B176-52185A0B48C3}.Debug|x64.ActiveCfg = Debug|Any CPU
		{A53498A5-ACE2-4D87-B176-52185A0B48C3}.Debug|x64.Build.0 = Debug|Any CPU
		{A53498A5-ACE2-4D87-B176-52185A0B48C3}.Debug|x86.ActiveCfg = Debug|Any CPU
		{A53498A5-ACE2-4D87-B176-52185A0B48C3}.Debug|x86.Build.0 = Debug|Any CPU
		{A53498A5-ACE2-4D87-B176-52185A0B48C3}.Release|Any CPU.ActiveCfg = Release|Any CPU
		{A53498A5-ACE2-4D87-B176-52185A0B48C3}.Release|Any CPU.Build.0 = Release|Any CPU
		{A53498A5-ACE2-4D87-B176-52185A0B48C3}.Release|x64.ActiveCfg = Release|Any CPU
		{A53498A5-ACE2-4D87-B176-52185A0B48C3}.Release|x64.Build.0 = Release|Any CPU
		{A53498A5-ACE2-4D87-B176-52185A0B48C3}.Release|x86.ActiveCfg = Release|Any CPU
		{A53498A5-ACE2-4D87-B176-52185A0B48C3}.Release|x86.Build.0 = Release|Any CPU
		{E0E316A3-9CF0-4BFC-89A6-8E521320253D}.Debug|Any CPU.ActiveCfg = Debug|Any CPU
		{E0E316A3-9CF0-4BFC-89A6-8E521320253D}.Debug|Any CPU.Build.0 = Debug|Any CPU
		{E0E316A3-9CF0-4BFC-89A6-8E521320253D}.Debug|x64.ActiveCfg = Debug|Any CPU
		{E0E316A3-9CF0-4BFC-89A6-8E521320253D}.Debug|x64.Build.0 = Debug|Any CPU
		{E0E316A3-9CF0-4BFC-89A6-8E521320253D}.Debug|x86.ActiveCfg = Debug|Any CPU
		{E0E316A3-9CF0-4BFC-89A6-8E521320253D}.Debug|x86.Build.0 = Debug|Any CPU
		{E0E316A3-9CF0-4BFC-89A6-8E521320253D}.Release|Any CPU.ActiveCfg = Release|Any CPU
		{E0E316A3-9CF0-4BFC-89A6-8E521320253D}.Release|Any CPU.Build.0 = Release|Any CPU
		{E0E316A3-9CF0-4BFC-89A6-8E521320253D}.Release|x64.ActiveCfg = Release|Any CPU
		{E0E316A3-9CF0-4BFC-89A6-8E521320253D}.Release|x64.Build.0 = Release|Any CPU
		{E0E316A3-9CF0-4BFC-89A6-8E521320253D}.Release|x86.ActiveCfg = Release|Any CPU
		{E0E316A3-9CF0-4BFC-89A6-8E521320253D}.Release|x86.Build.0 = Release|Any CPU
		{792C107A-985F-4D18-A661-93901CD9A0B9}.Debug|Any CPU.ActiveCfg = Debug|Any CPU
		{792C107A-985F-4D18-A661-93901CD9A0B9}.Debug|Any CPU.Build.0 = Debug|Any CPU
		{792C107A-985F-4D18-A661-93901CD9A0B9}.Debug|x64.ActiveCfg = Debug|Any CPU
		{792C107A-985F-4D18-A661-93901CD9A0B9}.Debug|x64.Build.0 = Debug|Any CPU
		{792C107A-985F-4D18-A661-93901CD9A0B9}.Debug|x86.ActiveCfg = Debug|Any CPU
		{792C107A-985F-4D18-A661-93901CD9A0B9}.Debug|x86.Build.0 = Debug|Any CPU
		{792C107A-985F-4D18-A661-93901CD9A0B9}.Release|Any CPU.ActiveCfg = Release|Any CPU
		{792C107A-985F-4D18-A661-93901CD9A0B9}.Release|Any CPU.Build.0 = Release|Any CPU
		{792C107A-985F-4D18-A661-93901CD9A0B9}.Release|x64.ActiveCfg = Release|Any CPU
		{792C107A-985F-4D18-A661-93901CD9A0B9}.Release|x64.Build.0 = Release|Any CPU
		{792C107A-985F-4D18-A661-93901CD9A0B9}.Release|x86.ActiveCfg = Release|Any CPU
		{792C107A-985F-4D18-A661-93901CD9A0B9}.Release|x86.Build.0 = Release|Any CPU
		{F1943D83-B565-4D3A-9803-4C5BAB1883B1}.Debug|Any CPU.ActiveCfg = Debug|Any CPU
		{F1943D83-B565-4D3A-9803-4C5BAB1883B1}.Debug|Any CPU.Build.0 = Debug|Any CPU
		{F1943D83-B565-4D3A-9803-4C5BAB1883B1}.Debug|x64.ActiveCfg = Debug|Any CPU
		{F1943D83-B565-4D3A-9803-4C5BAB1883B1}.Debug|x64.Build.0 = Debug|Any CPU
		{F1943D83-B565-4D3A-9803-4C5BAB1883B1}.Debug|x86.ActiveCfg = Debug|Any CPU
		{F1943D83-B565-4D3A-9803-4C5BAB1883B1}.Debug|x86.Build.0 = Debug|Any CPU
		{F1943D83-B565-4D3A-9803-4C5BAB1883B1}.Release|Any CPU.ActiveCfg = Release|Any CPU
		{F1943D83-B565-4D3A-9803-4C5BAB1883B1}.Release|Any CPU.Build.0 = Release|Any CPU
		{F1943D83-B565-4D3A-9803-4C5BAB1883B1}.Release|x64.ActiveCfg = Release|Any CPU
		{F1943D83-B565-4D3A-9803-4C5BAB1883B1}.Release|x64.Build.0 = Release|Any CPU
		{F1943D83-B565-4D3A-9803-4C5BAB1883B1}.Release|x86.ActiveCfg = Release|Any CPU
		{F1943D83-B565-4D3A-9803-4C5BAB1883B1}.Release|x86.Build.0 = Release|Any CPU
	EndGlobalSection
	GlobalSection(SolutionProperties) = preSolution
		HideSolutionNode = FALSE
	EndGlobalSection
	GlobalSection(ExtensibilityGlobals) = postSolution
		SolutionGuid = {8951779E-412C-4F61-A4BE-0A3171810498}
	EndGlobalSection
EndGlobal
