
Microsoft Visual Studio Solution File, Format Version 12.00
# Visual Studio Version 16
VisualStudioVersion = 16.0.30413.136
MinimumVisualStudioVersion = 10.0.40219.1
Project("{8BC9CEB8-8B4A-11D0-8D11-00A0C91BC942}") = "programmers_heap03", "programmers_heap03\programmers_heap03.vcxproj", "{84DEE77F-403D-4B3E-9570-7293778CA3C0}"
EndProject
Global
	GlobalSection(SolutionConfigurationPlatforms) = preSolution
		Debug|x64 = Debug|x64
		Debug|x86 = Debug|x86
		Release|x64 = Release|x64
		Release|x86 = Release|x86
	EndGlobalSection
	GlobalSection(ProjectConfigurationPlatforms) = postSolution
		{84DEE77F-403D-4B3E-9570-7293778CA3C0}.Debug|x64.ActiveCfg = Debug|x64
		{84DEE77F-403D-4B3E-9570-7293778CA3C0}.Debug|x64.Build.0 = Debug|x64
		{84DEE77F-403D-4B3E-9570-7293778CA3C0}.Debug|x86.ActiveCfg = Debug|Win32
		{84DEE77F-403D-4B3E-9570-7293778CA3C0}.Debug|x86.Build.0 = Debug|Win32
		{84DEE77F-403D-4B3E-9570-7293778CA3C0}.Release|x64.ActiveCfg = Release|x64
		{84DEE77F-403D-4B3E-9570-7293778CA3C0}.Release|x64.Build.0 = Release|x64
		{84DEE77F-403D-4B3E-9570-7293778CA3C0}.Release|x86.ActiveCfg = Release|Win32
		{84DEE77F-403D-4B3E-9570-7293778CA3C0}.Release|x86.Build.0 = Release|Win32
	EndGlobalSection
	GlobalSection(SolutionProperties) = preSolution
		HideSolutionNode = FALSE
	EndGlobalSection
	GlobalSection(ExtensibilityGlobals) = postSolution
		SolutionGuid = {B329EB81-0301-4382-BB2F-5777637E5F13}
	EndGlobalSection
EndGlobal
