
Microsoft Visual Studio Solution File, Format Version 12.00
# Visual Studio Version 16
VisualStudioVersion = 16.0.29306.81
MinimumVisualStudioVersion = 10.0.40219.1
Project("{FAE04EC0-301F-11D3-BF4B-00C04F79EFBC}") = "Console1013", "Console1013.csproj", "{4301677D-24D6-4D45-A64C-7317BCB50564}"
EndProject
Global
	GlobalSection(SolutionConfigurationPlatforms) = preSolution
		Debug|Any CPU = Debug|Any CPU
		Release|Any CPU = Release|Any CPU
	EndGlobalSection
	GlobalSection(ProjectConfigurationPlatforms) = postSolution
		{4301677D-24D6-4D45-A64C-7317BCB50564}.Debug|Any CPU.ActiveCfg = Debug|Any CPU
		{4301677D-24D6-4D45-A64C-7317BCB50564}.Debug|Any CPU.Build.0 = Debug|Any CPU
		{4301677D-24D6-4D45-A64C-7317BCB50564}.Release|Any CPU.ActiveCfg = Release|Any CPU
		{4301677D-24D6-4D45-A64C-7317BCB50564}.Release|Any CPU.Build.0 = Release|Any CPU
	EndGlobalSection
	GlobalSection(SolutionProperties) = preSolution
		HideSolutionNode = FALSE
	EndGlobalSection
	GlobalSection(ExtensibilityGlobals) = postSolution
		SolutionGuid = {D757ABC3-F133-4620-9D7C-EA3A8E204EBA}
	EndGlobalSection
EndGlobal
