
Microsoft Visual Studio Solution File, Format Version 12.00
# Visual Studio Version 16
VisualStudioVersion = 16.0.30503.244
MinimumVisualStudioVersion = 10.0.40219.1
Project("{8BC9CEB8-8B4A-11D0-8D11-00A0C91BC942}") = "CppSyntax", "CppSyntax.vcxproj", "{517E548F-CFC6-4EB0-9905-651102FA0DF0}"
EndProject
Project("{8BC9CEB8-8B4A-11D0-8D11-00A0C91BC942}") = "CoutString", "..\CoutString\CoutString.vcxproj", "{80FC6E80-A0A8-4B92-9929-C86109067B27}"
EndProject
Project("{8BC9CEB8-8B4A-11D0-8D11-00A0C91BC942}") = "CinString", "..\CinString\CinString.vcxproj", "{8666D93E-6477-4078-AEFF-49B9D889E4FA}"
EndProject
Project("{8BC9CEB8-8B4A-11D0-8D11-00A0C91BC942}") = "AutoSample", "..\AutoSample\AutoSample.vcxproj", "{B3582749-E0D3-4D60-9F48-8A43CE90A87F}"
EndProject
Project("{8BC9CEB8-8B4A-11D0-8D11-00A0C91BC942}") = "NewDeleteSample", "..\NewDeleteSample\NewDeleteSample.vcxproj", "{A7278719-5850-4245-9E89-16793D682F37}"
EndProject
Project("{8BC9CEB8-8B4A-11D0-8D11-00A0C91BC942}") = "NewDeleteArray", "..\NewDeleteArray\NewDeleteArray.vcxproj", "{67DF975A-A0BA-4C6B-BF10-5DA72328AB0E}"
EndProject
Project("{8BC9CEB8-8B4A-11D0-8D11-00A0C91BC942}") = "ReferenceType", "..\ReferenceType\ReferenceType.vcxproj", "{6F43990E-032E-4A09-B62A-42E3D66D05D5}"
EndProject
Project("{8BC9CEB8-8B4A-11D0-8D11-00A0C91BC942}") = "RvalueSample", "..\RvalueSample\RvalueSample.vcxproj", "{D82F941C-9A37-40B9-84F9-6D5E8107FE4C}"
EndProject
Project("{8BC9CEB8-8B4A-11D0-8D11-00A0C91BC942}") = "RangeBasedfor", "..\RangeBasedfor\RangeBasedfor.vcxproj", "{862C8411-3C8D-4ACF-A87E-322B1738434A}"
EndProject
Project("{8BC9CEB8-8B4A-11D0-8D11-00A0C91BC942}") = "Ch01_01", "..\Ch01_01\Ch01_01.vcxproj", "{AC16A8FB-518F-4C64-89BC-9963BD95F223}"
EndProject
Project("{8BC9CEB8-8B4A-11D0-8D11-00A0C91BC942}") = "Ch01_02", "..\Ch01_02\Ch01_02.vcxproj", "{50B242F0-DEF2-4DBA-B35C-FB5399A97495}"
EndProject
Project("{8BC9CEB8-8B4A-11D0-8D11-00A0C91BC942}") = "Ch01_03", "..\Ch01_03\Ch01_03.vcxproj", "{55444D43-DF13-4382-B316-CC113457B678}"
EndProject
Project("{8BC9CEB8-8B4A-11D0-8D11-00A0C91BC942}") = "Ch01_04", "..\Ch01_04\Ch01_04.vcxproj", "{4B15533B-82FC-4062-9CF9-2F577B18EE2E}"
EndProject
Project("{8BC9CEB8-8B4A-11D0-8D11-00A0C91BC942}") = "Ch01_05", "..\Ch01_05\Ch01_05.vcxproj", "{0503B53F-2040-4283-976B-58E68A1C8972}"
EndProject
Project("{8BC9CEB8-8B4A-11D0-8D11-00A0C91BC942}") = "Ch01_06", "..\Ch01_06\Ch01_06.vcxproj", "{1557F963-6D22-4A37-9F89-E3CAAF583234}"
EndProject
Project("{8BC9CEB8-8B4A-11D0-8D11-00A0C91BC942}") = "DefaultParam", "..\DefaultParam\DefaultParam.vcxproj", "{4DE0AF50-04F3-4B63-948B-B421C2884F60}"
EndProject
Project("{8BC9CEB8-8B4A-11D0-8D11-00A0C91BC942}") = "DefaultParam2", "..\DefaultParam2\DefaultParam2.vcxproj", "{92004FCE-3346-4CED-A907-2D0E713DD8E6}"
EndProject
Project("{8BC9CEB8-8B4A-11D0-8D11-00A0C91BC942}") = "FuncPoly", "..\FuncPoly\FuncPoly.vcxproj", "{2B98ECEB-978E-4C7B-A9AF-73B0082BB532}"
EndProject
Project("{8BC9CEB8-8B4A-11D0-8D11-00A0C91BC942}") = "FuncAmbiguity", "..\FuncAmbiguity\FuncAmbiguity.vcxproj", "{3F9AF95D-DBA4-482E-81F9-6558A824A2E2}"
EndProject
Project("{8BC9CEB8-8B4A-11D0-8D11-00A0C91BC942}") = "FuncTemplate1", "..\FuncTemplate1\FuncTemplate1.vcxproj", "{F7545942-E46F-415F-A3F9-485943134713}"
EndProject
Project("{8BC9CEB8-8B4A-11D0-8D11-00A0C91BC942}") = "FuncTemplate2", "..\FuncTemplate2\FuncTemplate2.vcxproj", "{8591E092-B3E1-4C2C-8A5F-1252D033E7C3}"
EndProject
Project("{8BC9CEB8-8B4A-11D0-8D11-00A0C91BC942}") = "InlineSample", "..\InlineSample\InlineSample.vcxproj", "{3CD4BCDA-F599-48FC-9F2A-B0F77C9D2CB9}"
EndProject
Project("{8BC9CEB8-8B4A-11D0-8D11-00A0C91BC942}") = "NamespaceSample", "..\NamespaceSample\NamespaceSample.vcxproj", "{07BBC749-E835-4FF4-BFE9-8FAEFFEC01DC}"
EndProject
Project("{8BC9CEB8-8B4A-11D0-8D11-00A0C91BC942}") = "NamespaceUsing", "..\NamespaceUsing\NamespaceUsing.vcxproj", "{78829AD7-E461-429E-9C37-DEB1FD065256}"
EndProject
Project("{8BC9CEB8-8B4A-11D0-8D11-00A0C91BC942}") = "NamespaceNested", "..\NamespaceNested\NamespaceNested.vcxproj", "{A98C44E2-3589-4605-A617-20D3B75EDACE}"
EndProject
Project("{8BC9CEB8-8B4A-11D0-8D11-00A0C91BC942}") = "NamespaceOver", "..\NamespaceOver\NamespaceOver.vcxproj", "{2E57EBEB-A0DC-42FE-B713-A89CC8520359}"
EndProject
Project("{8BC9CEB8-8B4A-11D0-8D11-00A0C91BC942}") = "IdSearchSeq1", "..\IdSearchSeq1\IdSearchSeq1.vcxproj", "{5F86F6B7-30BC-4634-BA70-2A196AB8FFFD}"
EndProject
Project("{8BC9CEB8-8B4A-11D0-8D11-00A0C91BC942}") = "IdSearchSeq2", "..\IdSearchSeq2\IdSearchSeq2.vcxproj", "{02B62BCE-8F78-410E-A97E-16D85F694DC0}"
EndProject
Project("{8BC9CEB8-8B4A-11D0-8D11-00A0C91BC942}") = "IdSearchSeq3", "..\IdSearchSeq3\IdSearchSeq3.vcxproj", "{C6AEDC55-59E0-4032-9BC1-10D3C888350C}"
EndProject
Project("{8BC9CEB8-8B4A-11D0-8D11-00A0C91BC942}") = "IdSearchSeq4", "..\IdSearchSeq4\IdSearchSeq4.vcxproj", "{761294D7-D8B6-4A52-9B17-864FB63581BB}"
EndProject
Project("{8BC9CEB8-8B4A-11D0-8D11-00A0C91BC942}") = "Ch02_01", "..\Ch02_01\Ch02_01.vcxproj", "{A6C9AA65-E7DF-4615-A6CD-E9204A88AA22}"
EndProject
Project("{8BC9CEB8-8B4A-11D0-8D11-00A0C91BC942}") = "Ch02_02", "..\Ch02_02\Ch02_02.vcxproj", "{3795B2F4-3732-4573-A371-591CB7546EA2}"
EndProject
Project("{8BC9CEB8-8B4A-11D0-8D11-00A0C91BC942}") = "Ch02_03", "..\Ch02_03\Ch02_03.vcxproj", "{8AEF26FB-00A2-4752-9118-F18145B4D25C}"
EndProject
Project("{8BC9CEB8-8B4A-11D0-8D11-00A0C91BC942}") = "Ch02_04", "..\Ch02_04\Ch02_04.vcxproj", "{3160A1DE-3F5E-4448-8A87-479803093C49}"
EndProject
Project("{8BC9CEB8-8B4A-11D0-8D11-00A0C91BC942}") = "Ch02_05", "..\Ch02_05\Ch02_05.vcxproj", "{58237B8B-7B82-4F4A-9AD7-1586D84B992E}"
EndProject
Project("{8BC9CEB8-8B4A-11D0-8D11-00A0C91BC942}") = "Ch02_06", "..\Ch02_06\Ch02_06.vcxproj", "{EBC6E9C0-C9ED-4EE5-B677-7F9A3CCDACC3}"
EndProject
Project("{8BC9CEB8-8B4A-11D0-8D11-00A0C91BC942}") = "HelloOOP1", "..\HelloOOP1\HelloOOP1.vcxproj", "{814405E8-7F02-4CE9-8877-A8A2FDA51FF9}"
EndProject
Project("{8BC9CEB8-8B4A-11D0-8D11-00A0C91BC942}") = "HelloOOP2", "..\HelloOOP2\HelloOOP2.vcxproj", "{336B29CE-CAAB-4D9A-A49F-94547974FA86}"
EndProject
Project("{8BC9CEB8-8B4A-11D0-8D11-00A0C91BC942}") = "HelloOOP3", "..\HelloOOP3\HelloOOP3.vcxproj", "{A7EBFC73-4508-40DC-B2CA-4229D997D178}"
EndProject
Project("{8BC9CEB8-8B4A-11D0-8D11-00A0C91BC942}") = "HelloOOP", "..\HelloOOP\HelloOOP.vcxproj", "{1A0B5CCE-6281-41D9-B1F7-750ED3747AC3}"
EndProject
Global
	GlobalSection(SolutionConfigurationPlatforms) = preSolution
		Debug|x64 = Debug|x64
		Debug|x86 = Debug|x86
		Release|x64 = Release|x64
		Release|x86 = Release|x86
	EndGlobalSection
	GlobalSection(ProjectConfigurationPlatforms) = postSolution
		{517E548F-CFC6-4EB0-9905-651102FA0DF0}.Debug|x64.ActiveCfg = Debug|x64
		{517E548F-CFC6-4EB0-9905-651102FA0DF0}.Debug|x64.Build.0 = Debug|x64
		{517E548F-CFC6-4EB0-9905-651102FA0DF0}.Debug|x86.ActiveCfg = Debug|Win32
		{517E548F-CFC6-4EB0-9905-651102FA0DF0}.Debug|x86.Build.0 = Debug|Win32
		{517E548F-CFC6-4EB0-9905-651102FA0DF0}.Release|x64.ActiveCfg = Release|x64
		{517E548F-CFC6-4EB0-9905-651102FA0DF0}.Release|x64.Build.0 = Release|x64
		{517E548F-CFC6-4EB0-9905-651102FA0DF0}.Release|x86.ActiveCfg = Release|Win32
		{517E548F-CFC6-4EB0-9905-651102FA0DF0}.Release|x86.Build.0 = Release|Win32
		{80FC6E80-A0A8-4B92-9929-C86109067B27}.Debug|x64.ActiveCfg = Debug|x64
		{80FC6E80-A0A8-4B92-9929-C86109067B27}.Debug|x64.Build.0 = Debug|x64
		{80FC6E80-A0A8-4B92-9929-C86109067B27}.Debug|x86.ActiveCfg = Debug|Win32
		{80FC6E80-A0A8-4B92-9929-C86109067B27}.Debug|x86.Build.0 = Debug|Win32
		{80FC6E80-A0A8-4B92-9929-C86109067B27}.Release|x64.ActiveCfg = Release|x64
		{80FC6E80-A0A8-4B92-9929-C86109067B27}.Release|x64.Build.0 = Release|x64
		{80FC6E80-A0A8-4B92-9929-C86109067B27}.Release|x86.ActiveCfg = Release|Win32
		{80FC6E80-A0A8-4B92-9929-C86109067B27}.Release|x86.Build.0 = Release|Win32
		{8666D93E-6477-4078-AEFF-49B9D889E4FA}.Debug|x64.ActiveCfg = Debug|x64
		{8666D93E-6477-4078-AEFF-49B9D889E4FA}.Debug|x64.Build.0 = Debug|x64
		{8666D93E-6477-4078-AEFF-49B9D889E4FA}.Debug|x86.ActiveCfg = Debug|Win32
		{8666D93E-6477-4078-AEFF-49B9D889E4FA}.Debug|x86.Build.0 = Debug|Win32
		{8666D93E-6477-4078-AEFF-49B9D889E4FA}.Release|x64.ActiveCfg = Release|x64
		{8666D93E-6477-4078-AEFF-49B9D889E4FA}.Release|x64.Build.0 = Release|x64
		{8666D93E-6477-4078-AEFF-49B9D889E4FA}.Release|x86.ActiveCfg = Release|Win32
		{8666D93E-6477-4078-AEFF-49B9D889E4FA}.Release|x86.Build.0 = Release|Win32
		{B3582749-E0D3-4D60-9F48-8A43CE90A87F}.Debug|x64.ActiveCfg = Debug|x64
		{B3582749-E0D3-4D60-9F48-8A43CE90A87F}.Debug|x64.Build.0 = Debug|x64
		{B3582749-E0D3-4D60-9F48-8A43CE90A87F}.Debug|x86.ActiveCfg = Debug|Win32
		{B3582749-E0D3-4D60-9F48-8A43CE90A87F}.Debug|x86.Build.0 = Debug|Win32
		{B3582749-E0D3-4D60-9F48-8A43CE90A87F}.Release|x64.ActiveCfg = Release|x64
		{B3582749-E0D3-4D60-9F48-8A43CE90A87F}.Release|x64.Build.0 = Release|x64
		{B3582749-E0D3-4D60-9F48-8A43CE90A87F}.Release|x86.ActiveCfg = Release|Win32
		{B3582749-E0D3-4D60-9F48-8A43CE90A87F}.Release|x86.Build.0 = Release|Win32
		{A7278719-5850-4245-9E89-16793D682F37}.Debug|x64.ActiveCfg = Debug|x64
		{A7278719-5850-4245-9E89-16793D682F37}.Debug|x64.Build.0 = Debug|x64
		{A7278719-5850-4245-9E89-16793D682F37}.Debug|x86.ActiveCfg = Debug|Win32
		{A7278719-5850-4245-9E89-16793D682F37}.Debug|x86.Build.0 = Debug|Win32
		{A7278719-5850-4245-9E89-16793D682F37}.Release|x64.ActiveCfg = Release|x64
		{A7278719-5850-4245-9E89-16793D682F37}.Release|x64.Build.0 = Release|x64
		{A7278719-5850-4245-9E89-16793D682F37}.Release|x86.ActiveCfg = Release|Win32
		{A7278719-5850-4245-9E89-16793D682F37}.Release|x86.Build.0 = Release|Win32
		{67DF975A-A0BA-4C6B-BF10-5DA72328AB0E}.Debug|x64.ActiveCfg = Debug|x64
		{67DF975A-A0BA-4C6B-BF10-5DA72328AB0E}.Debug|x64.Build.0 = Debug|x64
		{67DF975A-A0BA-4C6B-BF10-5DA72328AB0E}.Debug|x86.ActiveCfg = Debug|Win32
		{67DF975A-A0BA-4C6B-BF10-5DA72328AB0E}.Debug|x86.Build.0 = Debug|Win32
		{67DF975A-A0BA-4C6B-BF10-5DA72328AB0E}.Release|x64.ActiveCfg = Release|x64
		{67DF975A-A0BA-4C6B-BF10-5DA72328AB0E}.Release|x64.Build.0 = Release|x64
		{67DF975A-A0BA-4C6B-BF10-5DA72328AB0E}.Release|x86.ActiveCfg = Release|Win32
		{67DF975A-A0BA-4C6B-BF10-5DA72328AB0E}.Release|x86.Build.0 = Release|Win32
		{6F43990E-032E-4A09-B62A-42E3D66D05D5}.Debug|x64.ActiveCfg = Debug|x64
		{6F43990E-032E-4A09-B62A-42E3D66D05D5}.Debug|x64.Build.0 = Debug|x64
		{6F43990E-032E-4A09-B62A-42E3D66D05D5}.Debug|x86.ActiveCfg = Debug|Win32
		{6F43990E-032E-4A09-B62A-42E3D66D05D5}.Debug|x86.Build.0 = Debug|Win32
		{6F43990E-032E-4A09-B62A-42E3D66D05D5}.Release|x64.ActiveCfg = Release|x64
		{6F43990E-032E-4A09-B62A-42E3D66D05D5}.Release|x64.Build.0 = Release|x64
		{6F43990E-032E-4A09-B62A-42E3D66D05D5}.Release|x86.ActiveCfg = Release|Win32
		{6F43990E-032E-4A09-B62A-42E3D66D05D5}.Release|x86.Build.0 = Release|Win32
		{D82F941C-9A37-40B9-84F9-6D5E8107FE4C}.Debug|x64.ActiveCfg = Debug|x64
		{D82F941C-9A37-40B9-84F9-6D5E8107FE4C}.Debug|x64.Build.0 = Debug|x64
		{D82F941C-9A37-40B9-84F9-6D5E8107FE4C}.Debug|x86.ActiveCfg = Debug|Win32
		{D82F941C-9A37-40B9-84F9-6D5E8107FE4C}.Debug|x86.Build.0 = Debug|Win32
		{D82F941C-9A37-40B9-84F9-6D5E8107FE4C}.Release|x64.ActiveCfg = Release|x64
		{D82F941C-9A37-40B9-84F9-6D5E8107FE4C}.Release|x64.Build.0 = Release|x64
		{D82F941C-9A37-40B9-84F9-6D5E8107FE4C}.Release|x86.ActiveCfg = Release|Win32
		{D82F941C-9A37-40B9-84F9-6D5E8107FE4C}.Release|x86.Build.0 = Release|Win32
		{862C8411-3C8D-4ACF-A87E-322B1738434A}.Debug|x64.ActiveCfg = Debug|x64
		{862C8411-3C8D-4ACF-A87E-322B1738434A}.Debug|x64.Build.0 = Debug|x64
		{862C8411-3C8D-4ACF-A87E-322B1738434A}.Debug|x86.ActiveCfg = Debug|Win32
		{862C8411-3C8D-4ACF-A87E-322B1738434A}.Debug|x86.Build.0 = Debug|Win32
		{862C8411-3C8D-4ACF-A87E-322B1738434A}.Release|x64.ActiveCfg = Release|x64
		{862C8411-3C8D-4ACF-A87E-322B1738434A}.Release|x64.Build.0 = Release|x64
		{862C8411-3C8D-4ACF-A87E-322B1738434A}.Release|x86.ActiveCfg = Release|Win32
		{862C8411-3C8D-4ACF-A87E-322B1738434A}.Release|x86.Build.0 = Release|Win32
		{AC16A8FB-518F-4C64-89BC-9963BD95F223}.Debug|x64.ActiveCfg = Debug|x64
		{AC16A8FB-518F-4C64-89BC-9963BD95F223}.Debug|x64.Build.0 = Debug|x64
		{AC16A8FB-518F-4C64-89BC-9963BD95F223}.Debug|x86.ActiveCfg = Debug|Win32
		{AC16A8FB-518F-4C64-89BC-9963BD95F223}.Debug|x86.Build.0 = Debug|Win32
		{AC16A8FB-518F-4C64-89BC-9963BD95F223}.Release|x64.ActiveCfg = Release|x64
		{AC16A8FB-518F-4C64-89BC-9963BD95F223}.Release|x64.Build.0 = Release|x64
		{AC16A8FB-518F-4C64-89BC-9963BD95F223}.Release|x86.ActiveCfg = Release|Win32
		{AC16A8FB-518F-4C64-89BC-9963BD95F223}.Release|x86.Build.0 = Release|Win32
		{50B242F0-DEF2-4DBA-B35C-FB5399A97495}.Debug|x64.ActiveCfg = Debug|x64
		{50B242F0-DEF2-4DBA-B35C-FB5399A97495}.Debug|x64.Build.0 = Debug|x64
		{50B242F0-DEF2-4DBA-B35C-FB5399A97495}.Debug|x86.ActiveCfg = Debug|Win32
		{50B242F0-DEF2-4DBA-B35C-FB5399A97495}.Debug|x86.Build.0 = Debug|Win32
		{50B242F0-DEF2-4DBA-B35C-FB5399A97495}.Release|x64.ActiveCfg = Release|x64
		{50B242F0-DEF2-4DBA-B35C-FB5399A97495}.Release|x64.Build.0 = Release|x64
		{50B242F0-DEF2-4DBA-B35C-FB5399A97495}.Release|x86.ActiveCfg = Release|Win32
		{50B242F0-DEF2-4DBA-B35C-FB5399A97495}.Release|x86.Build.0 = Release|Win32
		{55444D43-DF13-4382-B316-CC113457B678}.Debug|x64.ActiveCfg = Debug|x64
		{55444D43-DF13-4382-B316-CC113457B678}.Debug|x64.Build.0 = Debug|x64
		{55444D43-DF13-4382-B316-CC113457B678}.Debug|x86.ActiveCfg = Debug|Win32
		{55444D43-DF13-4382-B316-CC113457B678}.Debug|x86.Build.0 = Debug|Win32
		{55444D43-DF13-4382-B316-CC113457B678}.Release|x64.ActiveCfg = Release|x64
		{55444D43-DF13-4382-B316-CC113457B678}.Release|x64.Build.0 = Release|x64
		{55444D43-DF13-4382-B316-CC113457B678}.Release|x86.ActiveCfg = Release|Win32
		{55444D43-DF13-4382-B316-CC113457B678}.Release|x86.Build.0 = Release|Win32
		{4B15533B-82FC-4062-9CF9-2F577B18EE2E}.Debug|x64.ActiveCfg = Debug|x64
		{4B15533B-82FC-4062-9CF9-2F577B18EE2E}.Debug|x64.Build.0 = Debug|x64
		{4B15533B-82FC-4062-9CF9-2F577B18EE2E}.Debug|x86.ActiveCfg = Debug|Win32
		{4B15533B-82FC-4062-9CF9-2F577B18EE2E}.Debug|x86.Build.0 = Debug|Win32
		{4B15533B-82FC-4062-9CF9-2F577B18EE2E}.Release|x64.ActiveCfg = Release|x64
		{4B15533B-82FC-4062-9CF9-2F577B18EE2E}.Release|x64.Build.0 = Release|x64
		{4B15533B-82FC-4062-9CF9-2F577B18EE2E}.Release|x86.ActiveCfg = Release|Win32
		{4B15533B-82FC-4062-9CF9-2F577B18EE2E}.Release|x86.Build.0 = Release|Win32
		{0503B53F-2040-4283-976B-58E68A1C8972}.Debug|x64.ActiveCfg = Debug|x64
		{0503B53F-2040-4283-976B-58E68A1C8972}.Debug|x64.Build.0 = Debug|x64
		{0503B53F-2040-4283-976B-58E68A1C8972}.Debug|x86.ActiveCfg = Debug|Win32
		{0503B53F-2040-4283-976B-58E68A1C8972}.Debug|x86.Build.0 = Debug|Win32
		{0503B53F-2040-4283-976B-58E68A1C8972}.Release|x64.ActiveCfg = Release|x64
		{0503B53F-2040-4283-976B-58E68A1C8972}.Release|x64.Build.0 = Release|x64
		{0503B53F-2040-4283-976B-58E68A1C8972}.Release|x86.ActiveCfg = Release|Win32
		{0503B53F-2040-4283-976B-58E68A1C8972}.Release|x86.Build.0 = Release|Win32
		{1557F963-6D22-4A37-9F89-E3CAAF583234}.Debug|x64.ActiveCfg = Debug|x64
		{1557F963-6D22-4A37-9F89-E3CAAF583234}.Debug|x64.Build.0 = Debug|x64
		{1557F963-6D22-4A37-9F89-E3CAAF583234}.Debug|x86.ActiveCfg = Debug|Win32
		{1557F963-6D22-4A37-9F89-E3CAAF583234}.Debug|x86.Build.0 = Debug|Win32
		{1557F963-6D22-4A37-9F89-E3CAAF583234}.Release|x64.ActiveCfg = Release|x64
		{1557F963-6D22-4A37-9F89-E3CAAF583234}.Release|x64.Build.0 = Release|x64
		{1557F963-6D22-4A37-9F89-E3CAAF583234}.Release|x86.ActiveCfg = Release|Win32
		{1557F963-6D22-4A37-9F89-E3CAAF583234}.Release|x86.Build.0 = Release|Win32
		{4DE0AF50-04F3-4B63-948B-B421C2884F60}.Debug|x64.ActiveCfg = Debug|x64
		{4DE0AF50-04F3-4B63-948B-B421C2884F60}.Debug|x64.Build.0 = Debug|x64
		{4DE0AF50-04F3-4B63-948B-B421C2884F60}.Debug|x86.ActiveCfg = Debug|Win32
		{4DE0AF50-04F3-4B63-948B-B421C2884F60}.Debug|x86.Build.0 = Debug|Win32
		{4DE0AF50-04F3-4B63-948B-B421C2884F60}.Release|x64.ActiveCfg = Release|x64
		{4DE0AF50-04F3-4B63-948B-B421C2884F60}.Release|x64.Build.0 = Release|x64
		{4DE0AF50-04F3-4B63-948B-B421C2884F60}.Release|x86.ActiveCfg = Release|Win32
		{4DE0AF50-04F3-4B63-948B-B421C2884F60}.Release|x86.Build.0 = Release|Win32
		{92004FCE-3346-4CED-A907-2D0E713DD8E6}.Debug|x64.ActiveCfg = Debug|x64
		{92004FCE-3346-4CED-A907-2D0E713DD8E6}.Debug|x64.Build.0 = Debug|x64
		{92004FCE-3346-4CED-A907-2D0E713DD8E6}.Debug|x86.ActiveCfg = Debug|Win32
		{92004FCE-3346-4CED-A907-2D0E713DD8E6}.Debug|x86.Build.0 = Debug|Win32
		{92004FCE-3346-4CED-A907-2D0E713DD8E6}.Release|x64.ActiveCfg = Release|x64
		{92004FCE-3346-4CED-A907-2D0E713DD8E6}.Release|x64.Build.0 = Release|x64
		{92004FCE-3346-4CED-A907-2D0E713DD8E6}.Release|x86.ActiveCfg = Release|Win32
		{92004FCE-3346-4CED-A907-2D0E713DD8E6}.Release|x86.Build.0 = Release|Win32
		{2B98ECEB-978E-4C7B-A9AF-73B0082BB532}.Debug|x64.ActiveCfg = Debug|x64
		{2B98ECEB-978E-4C7B-A9AF-73B0082BB532}.Debug|x64.Build.0 = Debug|x64
		{2B98ECEB-978E-4C7B-A9AF-73B0082BB532}.Debug|x86.ActiveCfg = Debug|Win32
		{2B98ECEB-978E-4C7B-A9AF-73B0082BB532}.Debug|x86.Build.0 = Debug|Win32
		{2B98ECEB-978E-4C7B-A9AF-73B0082BB532}.Release|x64.ActiveCfg = Release|x64
		{2B98ECEB-978E-4C7B-A9AF-73B0082BB532}.Release|x64.Build.0 = Release|x64
		{2B98ECEB-978E-4C7B-A9AF-73B0082BB532}.Release|x86.ActiveCfg = Release|Win32
		{2B98ECEB-978E-4C7B-A9AF-73B0082BB532}.Release|x86.Build.0 = Release|Win32
		{3F9AF95D-DBA4-482E-81F9-6558A824A2E2}.Debug|x64.ActiveCfg = Debug|x64
		{3F9AF95D-DBA4-482E-81F9-6558A824A2E2}.Debug|x64.Build.0 = Debug|x64
		{3F9AF95D-DBA4-482E-81F9-6558A824A2E2}.Debug|x86.ActiveCfg = Debug|Win32
		{3F9AF95D-DBA4-482E-81F9-6558A824A2E2}.Debug|x86.Build.0 = Debug|Win32
		{3F9AF95D-DBA4-482E-81F9-6558A824A2E2}.Release|x64.ActiveCfg = Release|x64
		{3F9AF95D-DBA4-482E-81F9-6558A824A2E2}.Release|x64.Build.0 = Release|x64
		{3F9AF95D-DBA4-482E-81F9-6558A824A2E2}.Release|x86.ActiveCfg = Release|Win32
		{3F9AF95D-DBA4-482E-81F9-6558A824A2E2}.Release|x86.Build.0 = Release|Win32
		{F7545942-E46F-415F-A3F9-485943134713}.Debug|x64.ActiveCfg = Debug|x64
		{F7545942-E46F-415F-A3F9-485943134713}.Debug|x64.Build.0 = Debug|x64
		{F7545942-E46F-415F-A3F9-485943134713}.Debug|x86.ActiveCfg = Debug|Win32
		{F7545942-E46F-415F-A3F9-485943134713}.Debug|x86.Build.0 = Debug|Win32
		{F7545942-E46F-415F-A3F9-485943134713}.Release|x64.ActiveCfg = Release|x64
		{F7545942-E46F-415F-A3F9-485943134713}.Release|x64.Build.0 = Release|x64
		{F7545942-E46F-415F-A3F9-485943134713}.Release|x86.ActiveCfg = Release|Win32
		{F7545942-E46F-415F-A3F9-485943134713}.Release|x86.Build.0 = Release|Win32
		{8591E092-B3E1-4C2C-8A5F-1252D033E7C3}.Debug|x64.ActiveCfg = Debug|x64
		{8591E092-B3E1-4C2C-8A5F-1252D033E7C3}.Debug|x64.Build.0 = Debug|x64
		{8591E092-B3E1-4C2C-8A5F-1252D033E7C3}.Debug|x86.ActiveCfg = Debug|Win32
		{8591E092-B3E1-4C2C-8A5F-1252D033E7C3}.Debug|x86.Build.0 = Debug|Win32
		{8591E092-B3E1-4C2C-8A5F-1252D033E7C3}.Release|x64.ActiveCfg = Release|x64
		{8591E092-B3E1-4C2C-8A5F-1252D033E7C3}.Release|x64.Build.0 = Release|x64
		{8591E092-B3E1-4C2C-8A5F-1252D033E7C3}.Release|x86.ActiveCfg = Release|Win32
		{8591E092-B3E1-4C2C-8A5F-1252D033E7C3}.Release|x86.Build.0 = Release|Win32
		{3CD4BCDA-F599-48FC-9F2A-B0F77C9D2CB9}.Debug|x64.ActiveCfg = Debug|x64
		{3CD4BCDA-F599-48FC-9F2A-B0F77C9D2CB9}.Debug|x64.Build.0 = Debug|x64
		{3CD4BCDA-F599-48FC-9F2A-B0F77C9D2CB9}.Debug|x86.ActiveCfg = Debug|Win32
		{3CD4BCDA-F599-48FC-9F2A-B0F77C9D2CB9}.Debug|x86.Build.0 = Debug|Win32
		{3CD4BCDA-F599-48FC-9F2A-B0F77C9D2CB9}.Release|x64.ActiveCfg = Release|x64
		{3CD4BCDA-F599-48FC-9F2A-B0F77C9D2CB9}.Release|x64.Build.0 = Release|x64
		{3CD4BCDA-F599-48FC-9F2A-B0F77C9D2CB9}.Release|x86.ActiveCfg = Release|Win32
		{3CD4BCDA-F599-48FC-9F2A-B0F77C9D2CB9}.Release|x86.Build.0 = Release|Win32
		{07BBC749-E835-4FF4-BFE9-8FAEFFEC01DC}.Debug|x64.ActiveCfg = Debug|x64
		{07BBC749-E835-4FF4-BFE9-8FAEFFEC01DC}.Debug|x64.Build.0 = Debug|x64
		{07BBC749-E835-4FF4-BFE9-8FAEFFEC01DC}.Debug|x86.ActiveCfg = Debug|Win32
		{07BBC749-E835-4FF4-BFE9-8FAEFFEC01DC}.Debug|x86.Build.0 = Debug|Win32
		{07BBC749-E835-4FF4-BFE9-8FAEFFEC01DC}.Release|x64.ActiveCfg = Release|x64
		{07BBC749-E835-4FF4-BFE9-8FAEFFEC01DC}.Release|x64.Build.0 = Release|x64
		{07BBC749-E835-4FF4-BFE9-8FAEFFEC01DC}.Release|x86.ActiveCfg = Release|Win32
		{07BBC749-E835-4FF4-BFE9-8FAEFFEC01DC}.Release|x86.Build.0 = Release|Win32
		{78829AD7-E461-429E-9C37-DEB1FD065256}.Debug|x64.ActiveCfg = Debug|x64
		{78829AD7-E461-429E-9C37-DEB1FD065256}.Debug|x64.Build.0 = Debug|x64
		{78829AD7-E461-429E-9C37-DEB1FD065256}.Debug|x86.ActiveCfg = Debug|Win32
		{78829AD7-E461-429E-9C37-DEB1FD065256}.Debug|x86.Build.0 = Debug|Win32
		{78829AD7-E461-429E-9C37-DEB1FD065256}.Release|x64.ActiveCfg = Release|x64
		{78829AD7-E461-429E-9C37-DEB1FD065256}.Release|x64.Build.0 = Release|x64
		{78829AD7-E461-429E-9C37-DEB1FD065256}.Release|x86.ActiveCfg = Release|Win32
		{78829AD7-E461-429E-9C37-DEB1FD065256}.Release|x86.Build.0 = Release|Win32
		{A98C44E2-3589-4605-A617-20D3B75EDACE}.Debug|x64.ActiveCfg = Debug|x64
		{A98C44E2-3589-4605-A617-20D3B75EDACE}.Debug|x64.Build.0 = Debug|x64
		{A98C44E2-3589-4605-A617-20D3B75EDACE}.Debug|x86.ActiveCfg = Debug|Win32
		{A98C44E2-3589-4605-A617-20D3B75EDACE}.Debug|x86.Build.0 = Debug|Win32
		{A98C44E2-3589-4605-A617-20D3B75EDACE}.Release|x64.ActiveCfg = Release|x64
		{A98C44E2-3589-4605-A617-20D3B75EDACE}.Release|x64.Build.0 = Release|x64
		{A98C44E2-3589-4605-A617-20D3B75EDACE}.Release|x86.ActiveCfg = Release|Win32
		{A98C44E2-3589-4605-A617-20D3B75EDACE}.Release|x86.Build.0 = Release|Win32
		{2E57EBEB-A0DC-42FE-B713-A89CC8520359}.Debug|x64.ActiveCfg = Debug|x64
		{2E57EBEB-A0DC-42FE-B713-A89CC8520359}.Debug|x64.Build.0 = Debug|x64
		{2E57EBEB-A0DC-42FE-B713-A89CC8520359}.Debug|x86.ActiveCfg = Debug|Win32
		{2E57EBEB-A0DC-42FE-B713-A89CC8520359}.Debug|x86.Build.0 = Debug|Win32
		{2E57EBEB-A0DC-42FE-B713-A89CC8520359}.Release|x64.ActiveCfg = Release|x64
		{2E57EBEB-A0DC-42FE-B713-A89CC8520359}.Release|x64.Build.0 = Release|x64
		{2E57EBEB-A0DC-42FE-B713-A89CC8520359}.Release|x86.ActiveCfg = Release|Win32
		{2E57EBEB-A0DC-42FE-B713-A89CC8520359}.Release|x86.Build.0 = Release|Win32
		{5F86F6B7-30BC-4634-BA70-2A196AB8FFFD}.Debug|x64.ActiveCfg = Debug|x64
		{5F86F6B7-30BC-4634-BA70-2A196AB8FFFD}.Debug|x64.Build.0 = Debug|x64
		{5F86F6B7-30BC-4634-BA70-2A196AB8FFFD}.Debug|x86.ActiveCfg = Debug|Win32
		{5F86F6B7-30BC-4634-BA70-2A196AB8FFFD}.Debug|x86.Build.0 = Debug|Win32
		{5F86F6B7-30BC-4634-BA70-2A196AB8FFFD}.Release|x64.ActiveCfg = Release|x64
		{5F86F6B7-30BC-4634-BA70-2A196AB8FFFD}.Release|x64.Build.0 = Release|x64
		{5F86F6B7-30BC-4634-BA70-2A196AB8FFFD}.Release|x86.ActiveCfg = Release|Win32
		{5F86F6B7-30BC-4634-BA70-2A196AB8FFFD}.Release|x86.Build.0 = Release|Win32
		{02B62BCE-8F78-410E-A97E-16D85F694DC0}.Debug|x64.ActiveCfg = Debug|x64
		{02B62BCE-8F78-410E-A97E-16D85F694DC0}.Debug|x64.Build.0 = Debug|x64
		{02B62BCE-8F78-410E-A97E-16D85F694DC0}.Debug|x86.ActiveCfg = Debug|Win32
		{02B62BCE-8F78-410E-A97E-16D85F694DC0}.Debug|x86.Build.0 = Debug|Win32
		{02B62BCE-8F78-410E-A97E-16D85F694DC0}.Release|x64.ActiveCfg = Release|x64
		{02B62BCE-8F78-410E-A97E-16D85F694DC0}.Release|x64.Build.0 = Release|x64
		{02B62BCE-8F78-410E-A97E-16D85F694DC0}.Release|x86.ActiveCfg = Release|Win32
		{02B62BCE-8F78-410E-A97E-16D85F694DC0}.Release|x86.Build.0 = Release|Win32
		{C6AEDC55-59E0-4032-9BC1-10D3C888350C}.Debug|x64.ActiveCfg = Debug|x64
		{C6AEDC55-59E0-4032-9BC1-10D3C888350C}.Debug|x64.Build.0 = Debug|x64
		{C6AEDC55-59E0-4032-9BC1-10D3C888350C}.Debug|x86.ActiveCfg = Debug|Win32
		{C6AEDC55-59E0-4032-9BC1-10D3C888350C}.Debug|x86.Build.0 = Debug|Win32
		{C6AEDC55-59E0-4032-9BC1-10D3C888350C}.Release|x64.ActiveCfg = Release|x64
		{C6AEDC55-59E0-4032-9BC1-10D3C888350C}.Release|x64.Build.0 = Release|x64
		{C6AEDC55-59E0-4032-9BC1-10D3C888350C}.Release|x86.ActiveCfg = Release|Win32
		{C6AEDC55-59E0-4032-9BC1-10D3C888350C}.Release|x86.Build.0 = Release|Win32
		{761294D7-D8B6-4A52-9B17-864FB63581BB}.Debug|x64.ActiveCfg = Debug|x64
		{761294D7-D8B6-4A52-9B17-864FB63581BB}.Debug|x64.Build.0 = Debug|x64
		{761294D7-D8B6-4A52-9B17-864FB63581BB}.Debug|x86.ActiveCfg = Debug|Win32
		{761294D7-D8B6-4A52-9B17-864FB63581BB}.Debug|x86.Build.0 = Debug|Win32
		{761294D7-D8B6-4A52-9B17-864FB63581BB}.Release|x64.ActiveCfg = Release|x64
		{761294D7-D8B6-4A52-9B17-864FB63581BB}.Release|x64.Build.0 = Release|x64
		{761294D7-D8B6-4A52-9B17-864FB63581BB}.Release|x86.ActiveCfg = Release|Win32
		{761294D7-D8B6-4A52-9B17-864FB63581BB}.Release|x86.Build.0 = Release|Win32
		{A6C9AA65-E7DF-4615-A6CD-E9204A88AA22}.Debug|x64.ActiveCfg = Debug|x64
		{A6C9AA65-E7DF-4615-A6CD-E9204A88AA22}.Debug|x64.Build.0 = Debug|x64
		{A6C9AA65-E7DF-4615-A6CD-E9204A88AA22}.Debug|x86.ActiveCfg = Debug|Win32
		{A6C9AA65-E7DF-4615-A6CD-E9204A88AA22}.Debug|x86.Build.0 = Debug|Win32
		{A6C9AA65-E7DF-4615-A6CD-E9204A88AA22}.Release|x64.ActiveCfg = Release|x64
		{A6C9AA65-E7DF-4615-A6CD-E9204A88AA22}.Release|x64.Build.0 = Release|x64
		{A6C9AA65-E7DF-4615-A6CD-E9204A88AA22}.Release|x86.ActiveCfg = Release|Win32
		{A6C9AA65-E7DF-4615-A6CD-E9204A88AA22}.Release|x86.Build.0 = Release|Win32
		{3795B2F4-3732-4573-A371-591CB7546EA2}.Debug|x64.ActiveCfg = Debug|x64
		{3795B2F4-3732-4573-A371-591CB7546EA2}.Debug|x64.Build.0 = Debug|x64
		{3795B2F4-3732-4573-A371-591CB7546EA2}.Debug|x86.ActiveCfg = Debug|Win32
		{3795B2F4-3732-4573-A371-591CB7546EA2}.Debug|x86.Build.0 = Debug|Win32
		{3795B2F4-3732-4573-A371-591CB7546EA2}.Release|x64.ActiveCfg = Release|x64
		{3795B2F4-3732-4573-A371-591CB7546EA2}.Release|x64.Build.0 = Release|x64
		{3795B2F4-3732-4573-A371-591CB7546EA2}.Release|x86.ActiveCfg = Release|Win32
		{3795B2F4-3732-4573-A371-591CB7546EA2}.Release|x86.Build.0 = Release|Win32
		{8AEF26FB-00A2-4752-9118-F18145B4D25C}.Debug|x64.ActiveCfg = Debug|x64
		{8AEF26FB-00A2-4752-9118-F18145B4D25C}.Debug|x64.Build.0 = Debug|x64
		{8AEF26FB-00A2-4752-9118-F18145B4D25C}.Debug|x86.ActiveCfg = Debug|Win32
		{8AEF26FB-00A2-4752-9118-F18145B4D25C}.Debug|x86.Build.0 = Debug|Win32
		{8AEF26FB-00A2-4752-9118-F18145B4D25C}.Release|x64.ActiveCfg = Release|x64
		{8AEF26FB-00A2-4752-9118-F18145B4D25C}.Release|x64.Build.0 = Release|x64
		{8AEF26FB-00A2-4752-9118-F18145B4D25C}.Release|x86.ActiveCfg = Release|Win32
		{8AEF26FB-00A2-4752-9118-F18145B4D25C}.Release|x86.Build.0 = Release|Win32
		{3160A1DE-3F5E-4448-8A87-479803093C49}.Debug|x64.ActiveCfg = Debug|x64
		{3160A1DE-3F5E-4448-8A87-479803093C49}.Debug|x64.Build.0 = Debug|x64
		{3160A1DE-3F5E-4448-8A87-479803093C49}.Debug|x86.ActiveCfg = Debug|Win32
		{3160A1DE-3F5E-4448-8A87-479803093C49}.Debug|x86.Build.0 = Debug|Win32
		{3160A1DE-3F5E-4448-8A87-479803093C49}.Release|x64.ActiveCfg = Release|x64
		{3160A1DE-3F5E-4448-8A87-479803093C49}.Release|x64.Build.0 = Release|x64
		{3160A1DE-3F5E-4448-8A87-479803093C49}.Release|x86.ActiveCfg = Release|Win32
		{3160A1DE-3F5E-4448-8A87-479803093C49}.Release|x86.Build.0 = Release|Win32
		{58237B8B-7B82-4F4A-9AD7-1586D84B992E}.Debug|x64.ActiveCfg = Debug|x64
		{58237B8B-7B82-4F4A-9AD7-1586D84B992E}.Debug|x64.Build.0 = Debug|x64
		{58237B8B-7B82-4F4A-9AD7-1586D84B992E}.Debug|x86.ActiveCfg = Debug|Win32
		{58237B8B-7B82-4F4A-9AD7-1586D84B992E}.Debug|x86.Build.0 = Debug|Win32
		{58237B8B-7B82-4F4A-9AD7-1586D84B992E}.Release|x64.ActiveCfg = Release|x64
		{58237B8B-7B82-4F4A-9AD7-1586D84B992E}.Release|x64.Build.0 = Release|x64
		{58237B8B-7B82-4F4A-9AD7-1586D84B992E}.Release|x86.ActiveCfg = Release|Win32
		{58237B8B-7B82-4F4A-9AD7-1586D84B992E}.Release|x86.Build.0 = Release|Win32
		{EBC6E9C0-C9ED-4EE5-B677-7F9A3CCDACC3}.Debug|x64.ActiveCfg = Debug|x64
		{EBC6E9C0-C9ED-4EE5-B677-7F9A3CCDACC3}.Debug|x64.Build.0 = Debug|x64
		{EBC6E9C0-C9ED-4EE5-B677-7F9A3CCDACC3}.Debug|x86.ActiveCfg = Debug|Win32
		{EBC6E9C0-C9ED-4EE5-B677-7F9A3CCDACC3}.Debug|x86.Build.0 = Debug|Win32
		{EBC6E9C0-C9ED-4EE5-B677-7F9A3CCDACC3}.Release|x64.ActiveCfg = Release|x64
		{EBC6E9C0-C9ED-4EE5-B677-7F9A3CCDACC3}.Release|x64.Build.0 = Release|x64
		{EBC6E9C0-C9ED-4EE5-B677-7F9A3CCDACC3}.Release|x86.ActiveCfg = Release|Win32
		{EBC6E9C0-C9ED-4EE5-B677-7F9A3CCDACC3}.Release|x86.Build.0 = Release|Win32
		{814405E8-7F02-4CE9-8877-A8A2FDA51FF9}.Debug|x64.ActiveCfg = Debug|x64
		{814405E8-7F02-4CE9-8877-A8A2FDA51FF9}.Debug|x64.Build.0 = Debug|x64
		{814405E8-7F02-4CE9-8877-A8A2FDA51FF9}.Debug|x86.ActiveCfg = Debug|Win32
		{814405E8-7F02-4CE9-8877-A8A2FDA51FF9}.Debug|x86.Build.0 = Debug|Win32
		{814405E8-7F02-4CE9-8877-A8A2FDA51FF9}.Release|x64.ActiveCfg = Release|x64
		{814405E8-7F02-4CE9-8877-A8A2FDA51FF9}.Release|x64.Build.0 = Release|x64
		{814405E8-7F02-4CE9-8877-A8A2FDA51FF9}.Release|x86.ActiveCfg = Release|Win32
		{814405E8-7F02-4CE9-8877-A8A2FDA51FF9}.Release|x86.Build.0 = Release|Win32
		{336B29CE-CAAB-4D9A-A49F-94547974FA86}.Debug|x64.ActiveCfg = Debug|x64
		{336B29CE-CAAB-4D9A-A49F-94547974FA86}.Debug|x64.Build.0 = Debug|x64
		{336B29CE-CAAB-4D9A-A49F-94547974FA86}.Debug|x86.ActiveCfg = Debug|Win32
		{336B29CE-CAAB-4D9A-A49F-94547974FA86}.Debug|x86.Build.0 = Debug|Win32
		{336B29CE-CAAB-4D9A-A49F-94547974FA86}.Release|x64.ActiveCfg = Release|x64
		{336B29CE-CAAB-4D9A-A49F-94547974FA86}.Release|x64.Build.0 = Release|x64
		{336B29CE-CAAB-4D9A-A49F-94547974FA86}.Release|x86.ActiveCfg = Release|Win32
		{336B29CE-CAAB-4D9A-A49F-94547974FA86}.Release|x86.Build.0 = Release|Win32
		{A7EBFC73-4508-40DC-B2CA-4229D997D178}.Debug|x64.ActiveCfg = Debug|x64
		{A7EBFC73-4508-40DC-B2CA-4229D997D178}.Debug|x64.Build.0 = Debug|x64
		{A7EBFC73-4508-40DC-B2CA-4229D997D178}.Debug|x86.ActiveCfg = Debug|Win32
		{A7EBFC73-4508-40DC-B2CA-4229D997D178}.Debug|x86.Build.0 = Debug|Win32
		{A7EBFC73-4508-40DC-B2CA-4229D997D178}.Release|x64.ActiveCfg = Release|x64
		{A7EBFC73-4508-40DC-B2CA-4229D997D178}.Release|x64.Build.0 = Release|x64
		{A7EBFC73-4508-40DC-B2CA-4229D997D178}.Release|x86.ActiveCfg = Release|Win32
		{A7EBFC73-4508-40DC-B2CA-4229D997D178}.Release|x86.Build.0 = Release|Win32
		{1A0B5CCE-6281-41D9-B1F7-750ED3747AC3}.Debug|x64.ActiveCfg = Debug|x64
		{1A0B5CCE-6281-41D9-B1F7-750ED3747AC3}.Debug|x64.Build.0 = Debug|x64
		{1A0B5CCE-6281-41D9-B1F7-750ED3747AC3}.Debug|x86.ActiveCfg = Debug|Win32
		{1A0B5CCE-6281-41D9-B1F7-750ED3747AC3}.Debug|x86.Build.0 = Debug|Win32
		{1A0B5CCE-6281-41D9-B1F7-750ED3747AC3}.Release|x64.ActiveCfg = Release|x64
		{1A0B5CCE-6281-41D9-B1F7-750ED3747AC3}.Release|x64.Build.0 = Release|x64
		{1A0B5CCE-6281-41D9-B1F7-750ED3747AC3}.Release|x86.ActiveCfg = Release|Win32
		{1A0B5CCE-6281-41D9-B1F7-750ED3747AC3}.Release|x86.Build.0 = Release|Win32
	EndGlobalSection
	GlobalSection(SolutionProperties) = preSolution
		HideSolutionNode = FALSE
	EndGlobalSection
	GlobalSection(ExtensibilityGlobals) = postSolution
		SolutionGuid = {FC58291F-5CCF-4EB5-954A-6A0C0A985A74}
	EndGlobalSection
EndGlobal
