
Microsoft Visual Studio Solution File, Format Version 12.00
# Visual Studio Version 16
VisualStudioVersion = 16.0.29306.81
MinimumVisualStudioVersion = 10.0.40219.1
Project("{FAE04EC0-301F-11D3-BF4B-00C04F79EFBC}") = "Syntax", "Syntax\Syntax.csproj", "{54454EAC-AA78-4AE1-A19F-76626CB7E221}"
EndProject
Project("{FAE04EC0-301F-11D3-BF4B-00C04F79EFBC}") = "Syntax01", "Syntax01\Syntax01.csproj", "{3EC79D28-76E1-40C3-A098-B4B22F224306}"
EndProject
Project("{FAE04EC0-301F-11D3-BF4B-00C04F79EFBC}") = "Syntax02", "Syntax02\Syntax02.csproj", "{CF0D1D5A-611C-46E5-A1F8-F30FDCF8E493}"
EndProject
Project("{FAE04EC0-301F-11D3-BF4B-00C04F79EFBC}") = "Syntax03", "Syntax03\Syntax03.csproj", "{6D60658D-FE31-46D1-8192-7C9103F2A355}"
EndProject
Project("{FAE04EC0-301F-11D3-BF4B-00C04F79EFBC}") = "Syntax04", "Syntax04\Syntax04.csproj", "{82E62FC1-A17F-4A84-A74E-F0B05935A37D}"
EndProject
Project("{FAE04EC0-301F-11D3-BF4B-00C04F79EFBC}") = "Syntax05", "Syntax05\Syntax05.csproj", "{B8DC9495-5785-4F50-A7A2-F9C0CAB5E11D}"
EndProject
Project("{FAE04EC0-301F-11D3-BF4B-00C04F79EFBC}") = "Syntax06", "Syntax06\Syntax06.csproj", "{504B364D-0FE7-4317-B21E-E105C61B7F6C}"
EndProject
Project("{FAE04EC0-301F-11D3-BF4B-00C04F79EFBC}") = "Syntax07", "Syntax07\Syntax07.csproj", "{AC903645-EA77-4D7A-9222-5A0C275F1006}"
EndProject
Project("{FAE04EC0-301F-11D3-BF4B-00C04F79EFBC}") = "Syntax08", "Syntax08\Syntax08.csproj", "{4F2EC83E-1692-4ABD-A03D-2519702B53F3}"
EndProject
Project("{FAE04EC0-301F-11D3-BF4B-00C04F79EFBC}") = "Syntax09", "Syntax09\Syntax09.csproj", "{A98F9C86-7B5D-4594-8947-19D7AE798A11}"
EndProject
Project("{FAE04EC0-301F-11D3-BF4B-00C04F79EFBC}") = "Syntax10", "Syntax10\Syntax10.csproj", "{D37ACA18-964C-47AD-86AB-D8B5FA344D5D}"
EndProject
Project("{FAE04EC0-301F-11D3-BF4B-00C04F79EFBC}") = "Syntax11", "Syntax11\Syntax11.csproj", "{D028B2AC-E249-4428-BFE1-EE8058728237}"
EndProject
Project("{FAE04EC0-301F-11D3-BF4B-00C04F79EFBC}") = "testAnyThing", "testAnyThing\testAnyThing.csproj", "{E0913224-A6B6-42E4-85DA-C117ADE0E345}"
EndProject
Project("{FAE04EC0-301F-11D3-BF4B-00C04F79EFBC}") = "Syntax12", "Syntax12\Syntax12.csproj", "{DBEDD902-1C38-473C-87C1-55D92E4B1276}"
EndProject
Project("{FAE04EC0-301F-11D3-BF4B-00C04F79EFBC}") = "Syntax13", "Syntax13\Syntax13.csproj", "{F38A928B-5F88-4D7D-B12B-BAF614BE56EC}"
EndProject
Project("{FAE04EC0-301F-11D3-BF4B-00C04F79EFBC}") = "Syntax14", "Syntax14\Syntax14.csproj", "{C9CA2870-C37D-42F0-878C-7E762FED5268}"
EndProject
Project("{FAE04EC0-301F-11D3-BF4B-00C04F79EFBC}") = "Syntax15", "Syntax15\Syntax15.csproj", "{C73E7411-66B2-49AD-846A-5A1CB41A2CC8}"
EndProject
Project("{FAE04EC0-301F-11D3-BF4B-00C04F79EFBC}") = "Syntax17", "Syntax17\Syntax17.csproj", "{88174C18-FD52-4856-B0E4-7E54009E037C}"
EndProject
Project("{FAE04EC0-301F-11D3-BF4B-00C04F79EFBC}") = "1330", "1330\1330.csproj", "{8748BDCB-C320-47EB-B075-B7BFB21B6B54}"
EndProject
Project("{FAE04EC0-301F-11D3-BF4B-00C04F79EFBC}") = "9498", "9498\9498.csproj", "{33BFC050-BC44-4C2F-A4CA-07A9D46801D3}"
EndProject
Project("{FAE04EC0-301F-11D3-BF4B-00C04F79EFBC}") = "2753", "2753\2753.csproj", "{077344FE-3792-4D4D-9C64-A01BF66A0429}"
EndProject
Project("{FAE04EC0-301F-11D3-BF4B-00C04F79EFBC}") = "2884", "2884\2884.csproj", "{90D53F9D-8607-4687-9CE3-3567BB05F828}"
EndProject
Project("{FAE04EC0-301F-11D3-BF4B-00C04F79EFBC}") = "10817", "10817\10817.csproj", "{D31C9956-F37B-4E27-997D-8649472E923B}"
EndProject
Project("{FAE04EC0-301F-11D3-BF4B-00C04F79EFBC}") = "Syntax18", "Syntax18\Syntax18.csproj", "{FD9C3575-2FB1-44E4-B624-F17542680344}"
EndProject
Project("{FAE04EC0-301F-11D3-BF4B-00C04F79EFBC}") = "Syntax19", "Syntax19\Syntax19.csproj", "{2AFC1BD0-5D6A-40BC-BC8E-8F674BE6EB0D}"
EndProject
Project("{FAE04EC0-301F-11D3-BF4B-00C04F79EFBC}") = "Syntax20", "Syntax20\Syntax20.csproj", "{171BECA4-1FAE-4C8E-8F72-759D71F9657F}"
EndProject
Project("{FAE04EC0-301F-11D3-BF4B-00C04F79EFBC}") = "9655", "9655\9655.csproj", "{FAA84D8A-100A-4F31-B91F-0FE070A00437}"
EndProject
Project("{FAE04EC0-301F-11D3-BF4B-00C04F79EFBC}") = "5622", "5622\5622.csproj", "{9C1838AE-00F8-46EE-9E0E-E7597330AB75}"
EndProject
Project("{FAE04EC0-301F-11D3-BF4B-00C04F79EFBC}") = "2739", "2739\2739.csproj", "{C258FF04-8A14-4F84-94A0-6AFE2FFE5B40}"
EndProject
Project("{FAE04EC0-301F-11D3-BF4B-00C04F79EFBC}") = "10950", "10950\10950.csproj", "{D86343BA-1311-4A25-9F17-AE83E9380E7A}"
EndProject
Project("{FAE04EC0-301F-11D3-BF4B-00C04F79EFBC}") = "Syntax21", "Syntax21\Syntax21.csproj", "{EBE0E662-A5AA-4928-8BF7-FFDA224A81C0}"
EndProject
Project("{FAE04EC0-301F-11D3-BF4B-00C04F79EFBC}") = "10951", "10951\10951.csproj", "{A0D4221E-4020-4408-ACFE-083E2E029428}"
EndProject
Project("{FAE04EC0-301F-11D3-BF4B-00C04F79EFBC}") = "10952", "10952\10952.csproj", "{FB2134D6-D1CA-41B8-B821-81DF5F436A42}"
EndProject
Project("{FAE04EC0-301F-11D3-BF4B-00C04F79EFBC}") = "1110", "1110\1110.csproj", "{CBEECA53-73FB-4C16-9864-F1CD34FEE3A5}"
EndProject
Project("{FAE04EC0-301F-11D3-BF4B-00C04F79EFBC}") = "8393", "8393\8393.csproj", "{1100C43A-E362-44BF-BED7-65692C0C8510}"
EndProject
Project("{FAE04EC0-301F-11D3-BF4B-00C04F79EFBC}") = "Syntax22", "Syntax22\Syntax22.csproj", "{7559D695-E09C-451F-91F0-342A477B3333}"
EndProject
Project("{FAE04EC0-301F-11D3-BF4B-00C04F79EFBC}") = "Syntax23", "Syntax23\Syntax23.csproj", "{9BE9A2D6-B896-467B-A7D8-83601E75BF41}"
EndProject
Project("{FAE04EC0-301F-11D3-BF4B-00C04F79EFBC}") = "15552", "15552\15552.csproj", "{79A5D112-74D5-4F5E-B6C2-3A0E2762785B}"
EndProject
Project("{FAE04EC0-301F-11D3-BF4B-00C04F79EFBC}") = "2741", "2741\2741.csproj", "{B78D7734-AD9D-429E-A747-E830CDE38648}"
EndProject
Project("{FAE04EC0-301F-11D3-BF4B-00C04F79EFBC}") = "11021", "11021\11021.csproj", "{B5B8E190-703A-41DF-9569-FD838043C83B}"
EndProject
Project("{FAE04EC0-301F-11D3-BF4B-00C04F79EFBC}") = "11022", "11022\11022.csproj", "{7279F3FD-AE28-4485-9C88-8BD292DFE9CC}"
EndProject
Project("{FAE04EC0-301F-11D3-BF4B-00C04F79EFBC}") = "2438", "2438\2438.csproj", "{FBF34C2B-EF2B-4C1C-92FC-0DFC97E6CE52}"
EndProject
Project("{FAE04EC0-301F-11D3-BF4B-00C04F79EFBC}") = "2439", "2439\2439.csproj", "{A7234151-ACDA-499F-A5DD-FF9E724E3714}"
EndProject
Project("{FAE04EC0-301F-11D3-BF4B-00C04F79EFBC}") = "Syntax24", "Syntax24\Syntax24.csproj", "{C0161419-B57B-4DB9-9444-150838AA03A4}"
EndProject
Project("{FAE04EC0-301F-11D3-BF4B-00C04F79EFBC}") = "10871", "10871\10871.csproj", "{42BA3B55-AA09-4F52-AAF6-E04ECF86B0DE}"
EndProject
Project("{FAE04EC0-301F-11D3-BF4B-00C04F79EFBC}") = "Syntax25", "Syntax25\Syntax25.csproj", "{8B691AAA-54E3-4BB8-9BC3-BF676CA6B104}"
EndProject
Project("{FAE04EC0-301F-11D3-BF4B-00C04F79EFBC}") = "Syntax26", "Syntax26\Syntax26.csproj", "{771E8AE4-14D1-4EE4-AAD5-FF4565AF4E6D}"
EndProject
Project("{FAE04EC0-301F-11D3-BF4B-00C04F79EFBC}") = "Syntax27", "Syntax27\Syntax27.csproj", "{C31EDDD1-DF7D-4E2C-AF95-796D40C9F40A}"
EndProject
Project("{FAE04EC0-301F-11D3-BF4B-00C04F79EFBC}") = "11720", "11720\11720.csproj", "{A64B7E26-7398-4C20-BE83-C582EA3508BE}"
EndProject
Project("{FAE04EC0-301F-11D3-BF4B-00C04F79EFBC}") = "Syntax28", "Syntax28\Syntax28.csproj", "{45BEA7BF-42C1-447F-AFBD-4D49BD768D29}"
EndProject
Project("{FAE04EC0-301F-11D3-BF4B-00C04F79EFBC}") = "Syntax29", "Syntax29\Syntax29.csproj", "{9A95FC74-AB36-469B-AFE1-62392340EC0C}"
EndProject
Project("{FAE04EC0-301F-11D3-BF4B-00C04F79EFBC}") = "Syntax30", "Syntax30\Syntax30.csproj", "{85D3E0A4-46F8-4ADB-A7B8-DC4AEADB21D2}"
EndProject
Project("{FAE04EC0-301F-11D3-BF4B-00C04F79EFBC}") = "Syntax31", "Syntax31\Syntax31.csproj", "{8DBFA2C6-8F35-40E4-AE4E-00F36DAB3253}"
EndProject
Project("{FAE04EC0-301F-11D3-BF4B-00C04F79EFBC}") = "Syntax32", "Syntax32\Syntax32.csproj", "{F5EDD8D8-1E2F-4D6E-B99A-75D7D392C665}"
EndProject
Project("{FAE04EC0-301F-11D3-BF4B-00C04F79EFBC}") = "Syntax33", "Syntax33\Syntax33.csproj", "{1FF413C4-FA2A-47ED-BC53-C93FD5E6BD66}"
EndProject
Project("{FAE04EC0-301F-11D3-BF4B-00C04F79EFBC}") = "Syntax34", "Syntax34\Syntax34.csproj", "{3C03CEBA-FA79-4307-9684-5AAFD92A1B79}"
EndProject
Project("{FAE04EC0-301F-11D3-BF4B-00C04F79EFBC}") = "Syntax35", "Syntax35\Syntax35.csproj", "{8224D1C2-3D5A-4FE6-980D-79C7F0482584}"
EndProject
Project("{FAE04EC0-301F-11D3-BF4B-00C04F79EFBC}") = "Syntax36", "Syntax36\Syntax36.csproj", "{7670AF92-8E47-43CE-A50C-544F9903EF34}"
EndProject
Project("{FAE04EC0-301F-11D3-BF4B-00C04F79EFBC}") = "Syntax37", "Syntax37\Syntax37.csproj", "{3AFBB858-B85D-4EB6-9C6D-8B59B1F6695D}"
EndProject
Project("{FAE04EC0-301F-11D3-BF4B-00C04F79EFBC}") = "Syntax38", "Syntax38\Syntax38.csproj", "{43016AE7-7A9B-4C7F-8475-1DA0796B5BD3}"
EndProject
Project("{FAE04EC0-301F-11D3-BF4B-00C04F79EFBC}") = "Syntax39", "Syntax39\Syntax39.csproj", "{4AE00106-5601-4025-92AF-BC0DF950FE80}"
EndProject
Project("{FAE04EC0-301F-11D3-BF4B-00C04F79EFBC}") = "Syntax40", "Syntax40\Syntax40.csproj", "{E7B7EFBD-A8CC-4DD4-BF91-E37B0D4F3936}"
EndProject
Project("{FAE04EC0-301F-11D3-BF4B-00C04F79EFBC}") = "Syntax41", "Synatax41\Syntax41.csproj", "{574D519B-50B0-45D7-81EF-4DEE55D01997}"
EndProject
Project("{FAE04EC0-301F-11D3-BF4B-00C04F79EFBC}") = "Syntax42", "Syntax42\Syntax42.csproj", "{777C9356-1DDB-49C3-AE8C-A84B1AC0CEEA}"
EndProject
Project("{FAE04EC0-301F-11D3-BF4B-00C04F79EFBC}") = "Syntax43", "Syntax43\Syntax43.csproj", "{98181792-6802-49BC-929E-BB46FDE44448}"
EndProject
Project("{FAE04EC0-301F-11D3-BF4B-00C04F79EFBC}") = "Syntax44", "Syntax44\Syntax44.csproj", "{F77509B5-BFC3-4FA0-9921-A47C6FDD3376}"
EndProject
Project("{FAE04EC0-301F-11D3-BF4B-00C04F79EFBC}") = "Syntax45", "Syntax45\Syntax45.csproj", "{D930D893-4856-482D-80C2-78A7CA19A1A0}"
EndProject
Project("{FAE04EC0-301F-11D3-BF4B-00C04F79EFBC}") = "Syntax46", "Syntax46\Syntax46.csproj", "{5EC8465B-4731-47A6-BBE2-AFA08F39DACA}"
EndProject
Project("{FAE04EC0-301F-11D3-BF4B-00C04F79EFBC}") = "Syntax47", "Syntax47\Syntax47.csproj", "{09B171BA-3CB8-4FCE-A915-ACB9E6DD3297}"
EndProject
Project("{FAE04EC0-301F-11D3-BF4B-00C04F79EFBC}") = "Syntax48", "Syntax48\Syntax48.csproj", "{8C0385BF-041D-4549-BFFC-D48EE28E8481}"
EndProject
Project("{FAE04EC0-301F-11D3-BF4B-00C04F79EFBC}") = "Syntax49", "Syntax49\Syntax49.csproj", "{F98C868C-7C9E-4298-993B-61494D52C1AF}"
EndProject
Project("{FAE04EC0-301F-11D3-BF4B-00C04F79EFBC}") = "Syntax50", "Syntax50\Syntax50.csproj", "{78CC1161-30ED-4E39-89EE-A7C6BAD41C5D}"
EndProject
Global
	GlobalSection(SolutionConfigurationPlatforms) = preSolution
		Debug|Any CPU = Debug|Any CPU
		Release|Any CPU = Release|Any CPU
	EndGlobalSection
	GlobalSection(ProjectConfigurationPlatforms) = postSolution
		{54454EAC-AA78-4AE1-A19F-76626CB7E221}.Debug|Any CPU.ActiveCfg = Debug|Any CPU
		{54454EAC-AA78-4AE1-A19F-76626CB7E221}.Debug|Any CPU.Build.0 = Debug|Any CPU
		{54454EAC-AA78-4AE1-A19F-76626CB7E221}.Release|Any CPU.ActiveCfg = Release|Any CPU
		{54454EAC-AA78-4AE1-A19F-76626CB7E221}.Release|Any CPU.Build.0 = Release|Any CPU
		{3EC79D28-76E1-40C3-A098-B4B22F224306}.Debug|Any CPU.ActiveCfg = Debug|Any CPU
		{3EC79D28-76E1-40C3-A098-B4B22F224306}.Debug|Any CPU.Build.0 = Debug|Any CPU
		{3EC79D28-76E1-40C3-A098-B4B22F224306}.Release|Any CPU.ActiveCfg = Release|Any CPU
		{3EC79D28-76E1-40C3-A098-B4B22F224306}.Release|Any CPU.Build.0 = Release|Any CPU
		{CF0D1D5A-611C-46E5-A1F8-F30FDCF8E493}.Debug|Any CPU.ActiveCfg = Debug|Any CPU
		{CF0D1D5A-611C-46E5-A1F8-F30FDCF8E493}.Debug|Any CPU.Build.0 = Debug|Any CPU
		{CF0D1D5A-611C-46E5-A1F8-F30FDCF8E493}.Release|Any CPU.ActiveCfg = Release|Any CPU
		{CF0D1D5A-611C-46E5-A1F8-F30FDCF8E493}.Release|Any CPU.Build.0 = Release|Any CPU
		{6D60658D-FE31-46D1-8192-7C9103F2A355}.Debug|Any CPU.ActiveCfg = Debug|Any CPU
		{6D60658D-FE31-46D1-8192-7C9103F2A355}.Debug|Any CPU.Build.0 = Debug|Any CPU
		{6D60658D-FE31-46D1-8192-7C9103F2A355}.Release|Any CPU.ActiveCfg = Release|Any CPU
		{6D60658D-FE31-46D1-8192-7C9103F2A355}.Release|Any CPU.Build.0 = Release|Any CPU
		{82E62FC1-A17F-4A84-A74E-F0B05935A37D}.Debug|Any CPU.ActiveCfg = Debug|Any CPU
		{82E62FC1-A17F-4A84-A74E-F0B05935A37D}.Debug|Any CPU.Build.0 = Debug|Any CPU
		{82E62FC1-A17F-4A84-A74E-F0B05935A37D}.Release|Any CPU.ActiveCfg = Release|Any CPU
		{82E62FC1-A17F-4A84-A74E-F0B05935A37D}.Release|Any CPU.Build.0 = Release|Any CPU
		{B8DC9495-5785-4F50-A7A2-F9C0CAB5E11D}.Debug|Any CPU.ActiveCfg = Debug|Any CPU
		{B8DC9495-5785-4F50-A7A2-F9C0CAB5E11D}.Debug|Any CPU.Build.0 = Debug|Any CPU
		{B8DC9495-5785-4F50-A7A2-F9C0CAB5E11D}.Release|Any CPU.ActiveCfg = Release|Any CPU
		{B8DC9495-5785-4F50-A7A2-F9C0CAB5E11D}.Release|Any CPU.Build.0 = Release|Any CPU
		{504B364D-0FE7-4317-B21E-E105C61B7F6C}.Debug|Any CPU.ActiveCfg = Debug|Any CPU
		{504B364D-0FE7-4317-B21E-E105C61B7F6C}.Debug|Any CPU.Build.0 = Debug|Any CPU
		{504B364D-0FE7-4317-B21E-E105C61B7F6C}.Release|Any CPU.ActiveCfg = Release|Any CPU
		{504B364D-0FE7-4317-B21E-E105C61B7F6C}.Release|Any CPU.Build.0 = Release|Any CPU
		{AC903645-EA77-4D7A-9222-5A0C275F1006}.Debug|Any CPU.ActiveCfg = Debug|Any CPU
		{AC903645-EA77-4D7A-9222-5A0C275F1006}.Debug|Any CPU.Build.0 = Debug|Any CPU
		{AC903645-EA77-4D7A-9222-5A0C275F1006}.Release|Any CPU.ActiveCfg = Release|Any CPU
		{AC903645-EA77-4D7A-9222-5A0C275F1006}.Release|Any CPU.Build.0 = Release|Any CPU
		{4F2EC83E-1692-4ABD-A03D-2519702B53F3}.Debug|Any CPU.ActiveCfg = Debug|Any CPU
		{4F2EC83E-1692-4ABD-A03D-2519702B53F3}.Debug|Any CPU.Build.0 = Debug|Any CPU
		{4F2EC83E-1692-4ABD-A03D-2519702B53F3}.Release|Any CPU.ActiveCfg = Release|Any CPU
		{4F2EC83E-1692-4ABD-A03D-2519702B53F3}.Release|Any CPU.Build.0 = Release|Any CPU
		{A98F9C86-7B5D-4594-8947-19D7AE798A11}.Debug|Any CPU.ActiveCfg = Debug|Any CPU
		{A98F9C86-7B5D-4594-8947-19D7AE798A11}.Debug|Any CPU.Build.0 = Debug|Any CPU
		{A98F9C86-7B5D-4594-8947-19D7AE798A11}.Release|Any CPU.ActiveCfg = Release|Any CPU
		{A98F9C86-7B5D-4594-8947-19D7AE798A11}.Release|Any CPU.Build.0 = Release|Any CPU
		{D37ACA18-964C-47AD-86AB-D8B5FA344D5D}.Debug|Any CPU.ActiveCfg = Debug|Any CPU
		{D37ACA18-964C-47AD-86AB-D8B5FA344D5D}.Debug|Any CPU.Build.0 = Debug|Any CPU
		{D37ACA18-964C-47AD-86AB-D8B5FA344D5D}.Release|Any CPU.ActiveCfg = Release|Any CPU
		{D37ACA18-964C-47AD-86AB-D8B5FA344D5D}.Release|Any CPU.Build.0 = Release|Any CPU
		{D028B2AC-E249-4428-BFE1-EE8058728237}.Debug|Any CPU.ActiveCfg = Debug|Any CPU
		{D028B2AC-E249-4428-BFE1-EE8058728237}.Debug|Any CPU.Build.0 = Debug|Any CPU
		{D028B2AC-E249-4428-BFE1-EE8058728237}.Release|Any CPU.ActiveCfg = Release|Any CPU
		{D028B2AC-E249-4428-BFE1-EE8058728237}.Release|Any CPU.Build.0 = Release|Any CPU
		{E0913224-A6B6-42E4-85DA-C117ADE0E345}.Debug|Any CPU.ActiveCfg = Debug|Any CPU
		{E0913224-A6B6-42E4-85DA-C117ADE0E345}.Debug|Any CPU.Build.0 = Debug|Any CPU
		{E0913224-A6B6-42E4-85DA-C117ADE0E345}.Release|Any CPU.ActiveCfg = Release|Any CPU
		{E0913224-A6B6-42E4-85DA-C117ADE0E345}.Release|Any CPU.Build.0 = Release|Any CPU
		{DBEDD902-1C38-473C-87C1-55D92E4B1276}.Debug|Any CPU.ActiveCfg = Debug|Any CPU
		{DBEDD902-1C38-473C-87C1-55D92E4B1276}.Debug|Any CPU.Build.0 = Debug|Any CPU
		{DBEDD902-1C38-473C-87C1-55D92E4B1276}.Release|Any CPU.ActiveCfg = Release|Any CPU
		{DBEDD902-1C38-473C-87C1-55D92E4B1276}.Release|Any CPU.Build.0 = Release|Any CPU
		{F38A928B-5F88-4D7D-B12B-BAF614BE56EC}.Debug|Any CPU.ActiveCfg = Debug|Any CPU
		{F38A928B-5F88-4D7D-B12B-BAF614BE56EC}.Debug|Any CPU.Build.0 = Debug|Any CPU
		{F38A928B-5F88-4D7D-B12B-BAF614BE56EC}.Release|Any CPU.ActiveCfg = Release|Any CPU
		{F38A928B-5F88-4D7D-B12B-BAF614BE56EC}.Release|Any CPU.Build.0 = Release|Any CPU
		{C9CA2870-C37D-42F0-878C-7E762FED5268}.Debug|Any CPU.ActiveCfg = Debug|Any CPU
		{C9CA2870-C37D-42F0-878C-7E762FED5268}.Debug|Any CPU.Build.0 = Debug|Any CPU
		{C9CA2870-C37D-42F0-878C-7E762FED5268}.Release|Any CPU.ActiveCfg = Release|Any CPU
		{C9CA2870-C37D-42F0-878C-7E762FED5268}.Release|Any CPU.Build.0 = Release|Any CPU
		{C73E7411-66B2-49AD-846A-5A1CB41A2CC8}.Debug|Any CPU.ActiveCfg = Debug|Any CPU
		{C73E7411-66B2-49AD-846A-5A1CB41A2CC8}.Debug|Any CPU.Build.0 = Debug|Any CPU
		{C73E7411-66B2-49AD-846A-5A1CB41A2CC8}.Release|Any CPU.ActiveCfg = Release|Any CPU
		{C73E7411-66B2-49AD-846A-5A1CB41A2CC8}.Release|Any CPU.Build.0 = Release|Any CPU
		{88174C18-FD52-4856-B0E4-7E54009E037C}.Debug|Any CPU.ActiveCfg = Debug|Any CPU
		{88174C18-FD52-4856-B0E4-7E54009E037C}.Debug|Any CPU.Build.0 = Debug|Any CPU
		{88174C18-FD52-4856-B0E4-7E54009E037C}.Release|Any CPU.ActiveCfg = Release|Any CPU
		{88174C18-FD52-4856-B0E4-7E54009E037C}.Release|Any CPU.Build.0 = Release|Any CPU
		{8748BDCB-C320-47EB-B075-B7BFB21B6B54}.Debug|Any CPU.ActiveCfg = Debug|Any CPU
		{8748BDCB-C320-47EB-B075-B7BFB21B6B54}.Debug|Any CPU.Build.0 = Debug|Any CPU
		{8748BDCB-C320-47EB-B075-B7BFB21B6B54}.Release|Any CPU.ActiveCfg = Release|Any CPU
		{8748BDCB-C320-47EB-B075-B7BFB21B6B54}.Release|Any CPU.Build.0 = Release|Any CPU
		{33BFC050-BC44-4C2F-A4CA-07A9D46801D3}.Debug|Any CPU.ActiveCfg = Debug|Any CPU
		{33BFC050-BC44-4C2F-A4CA-07A9D46801D3}.Debug|Any CPU.Build.0 = Debug|Any CPU
		{33BFC050-BC44-4C2F-A4CA-07A9D46801D3}.Release|Any CPU.ActiveCfg = Release|Any CPU
		{33BFC050-BC44-4C2F-A4CA-07A9D46801D3}.Release|Any CPU.Build.0 = Release|Any CPU
		{077344FE-3792-4D4D-9C64-A01BF66A0429}.Debug|Any CPU.ActiveCfg = Debug|Any CPU
		{077344FE-3792-4D4D-9C64-A01BF66A0429}.Debug|Any CPU.Build.0 = Debug|Any CPU
		{077344FE-3792-4D4D-9C64-A01BF66A0429}.Release|Any CPU.ActiveCfg = Release|Any CPU
		{077344FE-3792-4D4D-9C64-A01BF66A0429}.Release|Any CPU.Build.0 = Release|Any CPU
		{90D53F9D-8607-4687-9CE3-3567BB05F828}.Debug|Any CPU.ActiveCfg = Debug|Any CPU
		{90D53F9D-8607-4687-9CE3-3567BB05F828}.Debug|Any CPU.Build.0 = Debug|Any CPU
		{90D53F9D-8607-4687-9CE3-3567BB05F828}.Release|Any CPU.ActiveCfg = Release|Any CPU
		{90D53F9D-8607-4687-9CE3-3567BB05F828}.Release|Any CPU.Build.0 = Release|Any CPU
		{D31C9956-F37B-4E27-997D-8649472E923B}.Debug|Any CPU.ActiveCfg = Debug|Any CPU
		{D31C9956-F37B-4E27-997D-8649472E923B}.Debug|Any CPU.Build.0 = Debug|Any CPU
		{D31C9956-F37B-4E27-997D-8649472E923B}.Release|Any CPU.ActiveCfg = Release|Any CPU
		{D31C9956-F37B-4E27-997D-8649472E923B}.Release|Any CPU.Build.0 = Release|Any CPU
		{FD9C3575-2FB1-44E4-B624-F17542680344}.Debug|Any CPU.ActiveCfg = Debug|Any CPU
		{FD9C3575-2FB1-44E4-B624-F17542680344}.Debug|Any CPU.Build.0 = Debug|Any CPU
		{FD9C3575-2FB1-44E4-B624-F17542680344}.Release|Any CPU.ActiveCfg = Release|Any CPU
		{FD9C3575-2FB1-44E4-B624-F17542680344}.Release|Any CPU.Build.0 = Release|Any CPU
		{2AFC1BD0-5D6A-40BC-BC8E-8F674BE6EB0D}.Debug|Any CPU.ActiveCfg = Debug|Any CPU
		{2AFC1BD0-5D6A-40BC-BC8E-8F674BE6EB0D}.Debug|Any CPU.Build.0 = Debug|Any CPU
		{2AFC1BD0-5D6A-40BC-BC8E-8F674BE6EB0D}.Release|Any CPU.ActiveCfg = Release|Any CPU
		{2AFC1BD0-5D6A-40BC-BC8E-8F674BE6EB0D}.Release|Any CPU.Build.0 = Release|Any CPU
		{171BECA4-1FAE-4C8E-8F72-759D71F9657F}.Debug|Any CPU.ActiveCfg = Debug|Any CPU
		{171BECA4-1FAE-4C8E-8F72-759D71F9657F}.Debug|Any CPU.Build.0 = Debug|Any CPU
		{171BECA4-1FAE-4C8E-8F72-759D71F9657F}.Release|Any CPU.ActiveCfg = Release|Any CPU
		{171BECA4-1FAE-4C8E-8F72-759D71F9657F}.Release|Any CPU.Build.0 = Release|Any CPU
		{FAA84D8A-100A-4F31-B91F-0FE070A00437}.Debug|Any CPU.ActiveCfg = Debug|Any CPU
		{FAA84D8A-100A-4F31-B91F-0FE070A00437}.Debug|Any CPU.Build.0 = Debug|Any CPU
		{FAA84D8A-100A-4F31-B91F-0FE070A00437}.Release|Any CPU.ActiveCfg = Release|Any CPU
		{FAA84D8A-100A-4F31-B91F-0FE070A00437}.Release|Any CPU.Build.0 = Release|Any CPU
		{9C1838AE-00F8-46EE-9E0E-E7597330AB75}.Debug|Any CPU.ActiveCfg = Debug|Any CPU
		{9C1838AE-00F8-46EE-9E0E-E7597330AB75}.Debug|Any CPU.Build.0 = Debug|Any CPU
		{9C1838AE-00F8-46EE-9E0E-E7597330AB75}.Release|Any CPU.ActiveCfg = Release|Any CPU
		{9C1838AE-00F8-46EE-9E0E-E7597330AB75}.Release|Any CPU.Build.0 = Release|Any CPU
		{C258FF04-8A14-4F84-94A0-6AFE2FFE5B40}.Debug|Any CPU.ActiveCfg = Debug|Any CPU
		{C258FF04-8A14-4F84-94A0-6AFE2FFE5B40}.Debug|Any CPU.Build.0 = Debug|Any CPU
		{C258FF04-8A14-4F84-94A0-6AFE2FFE5B40}.Release|Any CPU.ActiveCfg = Release|Any CPU
		{C258FF04-8A14-4F84-94A0-6AFE2FFE5B40}.Release|Any CPU.Build.0 = Release|Any CPU
		{D86343BA-1311-4A25-9F17-AE83E9380E7A}.Debug|Any CPU.ActiveCfg = Debug|Any CPU
		{D86343BA-1311-4A25-9F17-AE83E9380E7A}.Debug|Any CPU.Build.0 = Debug|Any CPU
		{D86343BA-1311-4A25-9F17-AE83E9380E7A}.Release|Any CPU.ActiveCfg = Release|Any CPU
		{D86343BA-1311-4A25-9F17-AE83E9380E7A}.Release|Any CPU.Build.0 = Release|Any CPU
		{EBE0E662-A5AA-4928-8BF7-FFDA224A81C0}.Debug|Any CPU.ActiveCfg = Debug|Any CPU
		{EBE0E662-A5AA-4928-8BF7-FFDA224A81C0}.Debug|Any CPU.Build.0 = Debug|Any CPU
		{EBE0E662-A5AA-4928-8BF7-FFDA224A81C0}.Release|Any CPU.ActiveCfg = Release|Any CPU
		{EBE0E662-A5AA-4928-8BF7-FFDA224A81C0}.Release|Any CPU.Build.0 = Release|Any CPU
		{A0D4221E-4020-4408-ACFE-083E2E029428}.Debug|Any CPU.ActiveCfg = Debug|Any CPU
		{A0D4221E-4020-4408-ACFE-083E2E029428}.Debug|Any CPU.Build.0 = Debug|Any CPU
		{A0D4221E-4020-4408-ACFE-083E2E029428}.Release|Any CPU.ActiveCfg = Release|Any CPU
		{A0D4221E-4020-4408-ACFE-083E2E029428}.Release|Any CPU.Build.0 = Release|Any CPU
		{FB2134D6-D1CA-41B8-B821-81DF5F436A42}.Debug|Any CPU.ActiveCfg = Debug|Any CPU
		{FB2134D6-D1CA-41B8-B821-81DF5F436A42}.Debug|Any CPU.Build.0 = Debug|Any CPU
		{FB2134D6-D1CA-41B8-B821-81DF5F436A42}.Release|Any CPU.ActiveCfg = Release|Any CPU
		{FB2134D6-D1CA-41B8-B821-81DF5F436A42}.Release|Any CPU.Build.0 = Release|Any CPU
		{CBEECA53-73FB-4C16-9864-F1CD34FEE3A5}.Debug|Any CPU.ActiveCfg = Debug|Any CPU
		{CBEECA53-73FB-4C16-9864-F1CD34FEE3A5}.Debug|Any CPU.Build.0 = Debug|Any CPU
		{CBEECA53-73FB-4C16-9864-F1CD34FEE3A5}.Release|Any CPU.ActiveCfg = Release|Any CPU
		{CBEECA53-73FB-4C16-9864-F1CD34FEE3A5}.Release|Any CPU.Build.0 = Release|Any CPU
		{1100C43A-E362-44BF-BED7-65692C0C8510}.Debug|Any CPU.ActiveCfg = Debug|Any CPU
		{1100C43A-E362-44BF-BED7-65692C0C8510}.Debug|Any CPU.Build.0 = Debug|Any CPU
		{1100C43A-E362-44BF-BED7-65692C0C8510}.Release|Any CPU.ActiveCfg = Release|Any CPU
		{1100C43A-E362-44BF-BED7-65692C0C8510}.Release|Any CPU.Build.0 = Release|Any CPU
		{7559D695-E09C-451F-91F0-342A477B3333}.Debug|Any CPU.ActiveCfg = Debug|Any CPU
		{7559D695-E09C-451F-91F0-342A477B3333}.Debug|Any CPU.Build.0 = Debug|Any CPU
		{7559D695-E09C-451F-91F0-342A477B3333}.Release|Any CPU.ActiveCfg = Release|Any CPU
		{7559D695-E09C-451F-91F0-342A477B3333}.Release|Any CPU.Build.0 = Release|Any CPU
		{9BE9A2D6-B896-467B-A7D8-83601E75BF41}.Debug|Any CPU.ActiveCfg = Debug|Any CPU
		{9BE9A2D6-B896-467B-A7D8-83601E75BF41}.Debug|Any CPU.Build.0 = Debug|Any CPU
		{9BE9A2D6-B896-467B-A7D8-83601E75BF41}.Release|Any CPU.ActiveCfg = Release|Any CPU
		{9BE9A2D6-B896-467B-A7D8-83601E75BF41}.Release|Any CPU.Build.0 = Release|Any CPU
		{79A5D112-74D5-4F5E-B6C2-3A0E2762785B}.Debug|Any CPU.ActiveCfg = Debug|Any CPU
		{79A5D112-74D5-4F5E-B6C2-3A0E2762785B}.Debug|Any CPU.Build.0 = Debug|Any CPU
		{79A5D112-74D5-4F5E-B6C2-3A0E2762785B}.Release|Any CPU.ActiveCfg = Release|Any CPU
		{79A5D112-74D5-4F5E-B6C2-3A0E2762785B}.Release|Any CPU.Build.0 = Release|Any CPU
		{B78D7734-AD9D-429E-A747-E830CDE38648}.Debug|Any CPU.ActiveCfg = Debug|Any CPU
		{B78D7734-AD9D-429E-A747-E830CDE38648}.Debug|Any CPU.Build.0 = Debug|Any CPU
		{B78D7734-AD9D-429E-A747-E830CDE38648}.Release|Any CPU.ActiveCfg = Release|Any CPU
		{B78D7734-AD9D-429E-A747-E830CDE38648}.Release|Any CPU.Build.0 = Release|Any CPU
		{B5B8E190-703A-41DF-9569-FD838043C83B}.Debug|Any CPU.ActiveCfg = Debug|Any CPU
		{B5B8E190-703A-41DF-9569-FD838043C83B}.Debug|Any CPU.Build.0 = Debug|Any CPU
		{B5B8E190-703A-41DF-9569-FD838043C83B}.Release|Any CPU.ActiveCfg = Release|Any CPU
		{B5B8E190-703A-41DF-9569-FD838043C83B}.Release|Any CPU.Build.0 = Release|Any CPU
		{7279F3FD-AE28-4485-9C88-8BD292DFE9CC}.Debug|Any CPU.ActiveCfg = Debug|Any CPU
		{7279F3FD-AE28-4485-9C88-8BD292DFE9CC}.Debug|Any CPU.Build.0 = Debug|Any CPU
		{7279F3FD-AE28-4485-9C88-8BD292DFE9CC}.Release|Any CPU.ActiveCfg = Release|Any CPU
		{7279F3FD-AE28-4485-9C88-8BD292DFE9CC}.Release|Any CPU.Build.0 = Release|Any CPU
		{FBF34C2B-EF2B-4C1C-92FC-0DFC97E6CE52}.Debug|Any CPU.ActiveCfg = Debug|Any CPU
		{FBF34C2B-EF2B-4C1C-92FC-0DFC97E6CE52}.Debug|Any CPU.Build.0 = Debug|Any CPU
		{FBF34C2B-EF2B-4C1C-92FC-0DFC97E6CE52}.Release|Any CPU.ActiveCfg = Release|Any CPU
		{FBF34C2B-EF2B-4C1C-92FC-0DFC97E6CE52}.Release|Any CPU.Build.0 = Release|Any CPU
		{A7234151-ACDA-499F-A5DD-FF9E724E3714}.Debug|Any CPU.ActiveCfg = Debug|Any CPU
		{A7234151-ACDA-499F-A5DD-FF9E724E3714}.Debug|Any CPU.Build.0 = Debug|Any CPU
		{A7234151-ACDA-499F-A5DD-FF9E724E3714}.Release|Any CPU.ActiveCfg = Release|Any CPU
		{A7234151-ACDA-499F-A5DD-FF9E724E3714}.Release|Any CPU.Build.0 = Release|Any CPU
		{C0161419-B57B-4DB9-9444-150838AA03A4}.Debug|Any CPU.ActiveCfg = Debug|Any CPU
		{C0161419-B57B-4DB9-9444-150838AA03A4}.Debug|Any CPU.Build.0 = Debug|Any CPU
		{C0161419-B57B-4DB9-9444-150838AA03A4}.Release|Any CPU.ActiveCfg = Release|Any CPU
		{C0161419-B57B-4DB9-9444-150838AA03A4}.Release|Any CPU.Build.0 = Release|Any CPU
		{42BA3B55-AA09-4F52-AAF6-E04ECF86B0DE}.Debug|Any CPU.ActiveCfg = Debug|Any CPU
		{42BA3B55-AA09-4F52-AAF6-E04ECF86B0DE}.Debug|Any CPU.Build.0 = Debug|Any CPU
		{42BA3B55-AA09-4F52-AAF6-E04ECF86B0DE}.Release|Any CPU.ActiveCfg = Release|Any CPU
		{42BA3B55-AA09-4F52-AAF6-E04ECF86B0DE}.Release|Any CPU.Build.0 = Release|Any CPU
		{8B691AAA-54E3-4BB8-9BC3-BF676CA6B104}.Debug|Any CPU.ActiveCfg = Debug|Any CPU
		{8B691AAA-54E3-4BB8-9BC3-BF676CA6B104}.Debug|Any CPU.Build.0 = Debug|Any CPU
		{8B691AAA-54E3-4BB8-9BC3-BF676CA6B104}.Release|Any CPU.ActiveCfg = Release|Any CPU
		{8B691AAA-54E3-4BB8-9BC3-BF676CA6B104}.Release|Any CPU.Build.0 = Release|Any CPU
		{771E8AE4-14D1-4EE4-AAD5-FF4565AF4E6D}.Debug|Any CPU.ActiveCfg = Debug|Any CPU
		{771E8AE4-14D1-4EE4-AAD5-FF4565AF4E6D}.Debug|Any CPU.Build.0 = Debug|Any CPU
		{771E8AE4-14D1-4EE4-AAD5-FF4565AF4E6D}.Release|Any CPU.ActiveCfg = Release|Any CPU
		{771E8AE4-14D1-4EE4-AAD5-FF4565AF4E6D}.Release|Any CPU.Build.0 = Release|Any CPU
		{C31EDDD1-DF7D-4E2C-AF95-796D40C9F40A}.Debug|Any CPU.ActiveCfg = Debug|Any CPU
		{C31EDDD1-DF7D-4E2C-AF95-796D40C9F40A}.Debug|Any CPU.Build.0 = Debug|Any CPU
		{C31EDDD1-DF7D-4E2C-AF95-796D40C9F40A}.Release|Any CPU.ActiveCfg = Release|Any CPU
		{C31EDDD1-DF7D-4E2C-AF95-796D40C9F40A}.Release|Any CPU.Build.0 = Release|Any CPU
		{A64B7E26-7398-4C20-BE83-C582EA3508BE}.Debug|Any CPU.ActiveCfg = Debug|Any CPU
		{A64B7E26-7398-4C20-BE83-C582EA3508BE}.Debug|Any CPU.Build.0 = Debug|Any CPU
		{A64B7E26-7398-4C20-BE83-C582EA3508BE}.Release|Any CPU.ActiveCfg = Release|Any CPU
		{A64B7E26-7398-4C20-BE83-C582EA3508BE}.Release|Any CPU.Build.0 = Release|Any CPU
		{45BEA7BF-42C1-447F-AFBD-4D49BD768D29}.Debug|Any CPU.ActiveCfg = Debug|Any CPU
		{45BEA7BF-42C1-447F-AFBD-4D49BD768D29}.Debug|Any CPU.Build.0 = Debug|Any CPU
		{45BEA7BF-42C1-447F-AFBD-4D49BD768D29}.Release|Any CPU.ActiveCfg = Release|Any CPU
		{45BEA7BF-42C1-447F-AFBD-4D49BD768D29}.Release|Any CPU.Build.0 = Release|Any CPU
		{9A95FC74-AB36-469B-AFE1-62392340EC0C}.Debug|Any CPU.ActiveCfg = Debug|Any CPU
		{9A95FC74-AB36-469B-AFE1-62392340EC0C}.Debug|Any CPU.Build.0 = Debug|Any CPU
		{9A95FC74-AB36-469B-AFE1-62392340EC0C}.Release|Any CPU.ActiveCfg = Release|Any CPU
		{9A95FC74-AB36-469B-AFE1-62392340EC0C}.Release|Any CPU.Build.0 = Release|Any CPU
		{85D3E0A4-46F8-4ADB-A7B8-DC4AEADB21D2}.Debug|Any CPU.ActiveCfg = Debug|Any CPU
		{85D3E0A4-46F8-4ADB-A7B8-DC4AEADB21D2}.Debug|Any CPU.Build.0 = Debug|Any CPU
		{85D3E0A4-46F8-4ADB-A7B8-DC4AEADB21D2}.Release|Any CPU.ActiveCfg = Release|Any CPU
		{85D3E0A4-46F8-4ADB-A7B8-DC4AEADB21D2}.Release|Any CPU.Build.0 = Release|Any CPU
		{8DBFA2C6-8F35-40E4-AE4E-00F36DAB3253}.Debug|Any CPU.ActiveCfg = Debug|Any CPU
		{8DBFA2C6-8F35-40E4-AE4E-00F36DAB3253}.Debug|Any CPU.Build.0 = Debug|Any CPU
		{8DBFA2C6-8F35-40E4-AE4E-00F36DAB3253}.Release|Any CPU.ActiveCfg = Release|Any CPU
		{8DBFA2C6-8F35-40E4-AE4E-00F36DAB3253}.Release|Any CPU.Build.0 = Release|Any CPU
		{F5EDD8D8-1E2F-4D6E-B99A-75D7D392C665}.Debug|Any CPU.ActiveCfg = Debug|Any CPU
		{F5EDD8D8-1E2F-4D6E-B99A-75D7D392C665}.Debug|Any CPU.Build.0 = Debug|Any CPU
		{F5EDD8D8-1E2F-4D6E-B99A-75D7D392C665}.Release|Any CPU.ActiveCfg = Release|Any CPU
		{F5EDD8D8-1E2F-4D6E-B99A-75D7D392C665}.Release|Any CPU.Build.0 = Release|Any CPU
		{1FF413C4-FA2A-47ED-BC53-C93FD5E6BD66}.Debug|Any CPU.ActiveCfg = Debug|Any CPU
		{1FF413C4-FA2A-47ED-BC53-C93FD5E6BD66}.Debug|Any CPU.Build.0 = Debug|Any CPU
		{1FF413C4-FA2A-47ED-BC53-C93FD5E6BD66}.Release|Any CPU.ActiveCfg = Release|Any CPU
		{1FF413C4-FA2A-47ED-BC53-C93FD5E6BD66}.Release|Any CPU.Build.0 = Release|Any CPU
		{3C03CEBA-FA79-4307-9684-5AAFD92A1B79}.Debug|Any CPU.ActiveCfg = Debug|Any CPU
		{3C03CEBA-FA79-4307-9684-5AAFD92A1B79}.Debug|Any CPU.Build.0 = Debug|Any CPU
		{3C03CEBA-FA79-4307-9684-5AAFD92A1B79}.Release|Any CPU.ActiveCfg = Release|Any CPU
		{3C03CEBA-FA79-4307-9684-5AAFD92A1B79}.Release|Any CPU.Build.0 = Release|Any CPU
		{8224D1C2-3D5A-4FE6-980D-79C7F0482584}.Debug|Any CPU.ActiveCfg = Debug|Any CPU
		{8224D1C2-3D5A-4FE6-980D-79C7F0482584}.Debug|Any CPU.Build.0 = Debug|Any CPU
		{8224D1C2-3D5A-4FE6-980D-79C7F0482584}.Release|Any CPU.ActiveCfg = Release|Any CPU
		{8224D1C2-3D5A-4FE6-980D-79C7F0482584}.Release|Any CPU.Build.0 = Release|Any CPU
		{7670AF92-8E47-43CE-A50C-544F9903EF34}.Debug|Any CPU.ActiveCfg = Debug|Any CPU
		{7670AF92-8E47-43CE-A50C-544F9903EF34}.Debug|Any CPU.Build.0 = Debug|Any CPU
		{7670AF92-8E47-43CE-A50C-544F9903EF34}.Release|Any CPU.ActiveCfg = Release|Any CPU
		{7670AF92-8E47-43CE-A50C-544F9903EF34}.Release|Any CPU.Build.0 = Release|Any CPU
		{3AFBB858-B85D-4EB6-9C6D-8B59B1F6695D}.Debug|Any CPU.ActiveCfg = Debug|Any CPU
		{3AFBB858-B85D-4EB6-9C6D-8B59B1F6695D}.Debug|Any CPU.Build.0 = Debug|Any CPU
		{3AFBB858-B85D-4EB6-9C6D-8B59B1F6695D}.Release|Any CPU.ActiveCfg = Release|Any CPU
		{3AFBB858-B85D-4EB6-9C6D-8B59B1F6695D}.Release|Any CPU.Build.0 = Release|Any CPU
		{43016AE7-7A9B-4C7F-8475-1DA0796B5BD3}.Debug|Any CPU.ActiveCfg = Debug|Any CPU
		{43016AE7-7A9B-4C7F-8475-1DA0796B5BD3}.Debug|Any CPU.Build.0 = Debug|Any CPU
		{43016AE7-7A9B-4C7F-8475-1DA0796B5BD3}.Release|Any CPU.ActiveCfg = Release|Any CPU
		{43016AE7-7A9B-4C7F-8475-1DA0796B5BD3}.Release|Any CPU.Build.0 = Release|Any CPU
		{4AE00106-5601-4025-92AF-BC0DF950FE80}.Debug|Any CPU.ActiveCfg = Debug|Any CPU
		{4AE00106-5601-4025-92AF-BC0DF950FE80}.Debug|Any CPU.Build.0 = Debug|Any CPU
		{4AE00106-5601-4025-92AF-BC0DF950FE80}.Release|Any CPU.ActiveCfg = Release|Any CPU
		{4AE00106-5601-4025-92AF-BC0DF950FE80}.Release|Any CPU.Build.0 = Release|Any CPU
		{E7B7EFBD-A8CC-4DD4-BF91-E37B0D4F3936}.Debug|Any CPU.ActiveCfg = Debug|Any CPU
		{E7B7EFBD-A8CC-4DD4-BF91-E37B0D4F3936}.Debug|Any CPU.Build.0 = Debug|Any CPU
		{E7B7EFBD-A8CC-4DD4-BF91-E37B0D4F3936}.Release|Any CPU.ActiveCfg = Release|Any CPU
		{E7B7EFBD-A8CC-4DD4-BF91-E37B0D4F3936}.Release|Any CPU.Build.0 = Release|Any CPU
		{574D519B-50B0-45D7-81EF-4DEE55D01997}.Debug|Any CPU.ActiveCfg = Debug|Any CPU
		{574D519B-50B0-45D7-81EF-4DEE55D01997}.Debug|Any CPU.Build.0 = Debug|Any CPU
		{574D519B-50B0-45D7-81EF-4DEE55D01997}.Release|Any CPU.ActiveCfg = Release|Any CPU
		{574D519B-50B0-45D7-81EF-4DEE55D01997}.Release|Any CPU.Build.0 = Release|Any CPU
		{777C9356-1DDB-49C3-AE8C-A84B1AC0CEEA}.Debug|Any CPU.ActiveCfg = Debug|Any CPU
		{777C9356-1DDB-49C3-AE8C-A84B1AC0CEEA}.Debug|Any CPU.Build.0 = Debug|Any CPU
		{777C9356-1DDB-49C3-AE8C-A84B1AC0CEEA}.Release|Any CPU.ActiveCfg = Release|Any CPU
		{777C9356-1DDB-49C3-AE8C-A84B1AC0CEEA}.Release|Any CPU.Build.0 = Release|Any CPU
		{98181792-6802-49BC-929E-BB46FDE44448}.Debug|Any CPU.ActiveCfg = Debug|Any CPU
		{98181792-6802-49BC-929E-BB46FDE44448}.Debug|Any CPU.Build.0 = Debug|Any CPU
		{98181792-6802-49BC-929E-BB46FDE44448}.Release|Any CPU.ActiveCfg = Release|Any CPU
		{98181792-6802-49BC-929E-BB46FDE44448}.Release|Any CPU.Build.0 = Release|Any CPU
		{F77509B5-BFC3-4FA0-9921-A47C6FDD3376}.Debug|Any CPU.ActiveCfg = Debug|Any CPU
		{F77509B5-BFC3-4FA0-9921-A47C6FDD3376}.Debug|Any CPU.Build.0 = Debug|Any CPU
		{F77509B5-BFC3-4FA0-9921-A47C6FDD3376}.Release|Any CPU.ActiveCfg = Release|Any CPU
		{F77509B5-BFC3-4FA0-9921-A47C6FDD3376}.Release|Any CPU.Build.0 = Release|Any CPU
		{D930D893-4856-482D-80C2-78A7CA19A1A0}.Debug|Any CPU.ActiveCfg = Debug|Any CPU
		{D930D893-4856-482D-80C2-78A7CA19A1A0}.Debug|Any CPU.Build.0 = Debug|Any CPU
		{D930D893-4856-482D-80C2-78A7CA19A1A0}.Release|Any CPU.ActiveCfg = Release|Any CPU
		{D930D893-4856-482D-80C2-78A7CA19A1A0}.Release|Any CPU.Build.0 = Release|Any CPU
		{5EC8465B-4731-47A6-BBE2-AFA08F39DACA}.Debug|Any CPU.ActiveCfg = Debug|Any CPU
		{5EC8465B-4731-47A6-BBE2-AFA08F39DACA}.Debug|Any CPU.Build.0 = Debug|Any CPU
		{5EC8465B-4731-47A6-BBE2-AFA08F39DACA}.Release|Any CPU.ActiveCfg = Release|Any CPU
		{5EC8465B-4731-47A6-BBE2-AFA08F39DACA}.Release|Any CPU.Build.0 = Release|Any CPU
		{09B171BA-3CB8-4FCE-A915-ACB9E6DD3297}.Debug|Any CPU.ActiveCfg = Debug|Any CPU
		{09B171BA-3CB8-4FCE-A915-ACB9E6DD3297}.Debug|Any CPU.Build.0 = Debug|Any CPU
		{09B171BA-3CB8-4FCE-A915-ACB9E6DD3297}.Release|Any CPU.ActiveCfg = Release|Any CPU
		{09B171BA-3CB8-4FCE-A915-ACB9E6DD3297}.Release|Any CPU.Build.0 = Release|Any CPU
		{8C0385BF-041D-4549-BFFC-D48EE28E8481}.Debug|Any CPU.ActiveCfg = Debug|Any CPU
		{8C0385BF-041D-4549-BFFC-D48EE28E8481}.Debug|Any CPU.Build.0 = Debug|Any CPU
		{8C0385BF-041D-4549-BFFC-D48EE28E8481}.Release|Any CPU.ActiveCfg = Release|Any CPU
		{8C0385BF-041D-4549-BFFC-D48EE28E8481}.Release|Any CPU.Build.0 = Release|Any CPU
		{F98C868C-7C9E-4298-993B-61494D52C1AF}.Debug|Any CPU.ActiveCfg = Debug|Any CPU
		{F98C868C-7C9E-4298-993B-61494D52C1AF}.Debug|Any CPU.Build.0 = Debug|Any CPU
		{F98C868C-7C9E-4298-993B-61494D52C1AF}.Release|Any CPU.ActiveCfg = Release|Any CPU
		{F98C868C-7C9E-4298-993B-61494D52C1AF}.Release|Any CPU.Build.0 = Release|Any CPU
		{78CC1161-30ED-4E39-89EE-A7C6BAD41C5D}.Debug|Any CPU.ActiveCfg = Debug|Any CPU
		{78CC1161-30ED-4E39-89EE-A7C6BAD41C5D}.Debug|Any CPU.Build.0 = Debug|Any CPU
		{78CC1161-30ED-4E39-89EE-A7C6BAD41C5D}.Release|Any CPU.ActiveCfg = Release|Any CPU
		{78CC1161-30ED-4E39-89EE-A7C6BAD41C5D}.Release|Any CPU.Build.0 = Release|Any CPU
	EndGlobalSection
	GlobalSection(SolutionProperties) = preSolution
		HideSolutionNode = FALSE
	EndGlobalSection
	GlobalSection(ExtensibilityGlobals) = postSolution
		SolutionGuid = {8929E126-BFA5-4999-852C-E9A1A5D14289}
	EndGlobalSection
EndGlobal
